// !$*UTF8*$!
{
	archiveVersion = 1;
	classes = {
	};
	objectVersion = 46;
	objects = {
/* Begin PBXBuildFile section */
		0207DA581B56EA530066E2B4 /* Images.xcassets in Resources */ = {isa = PBXBuildFile; fileRef = 0207DA571B56EA530066E2B4 /* Images.xcassets */; };
		09926EA6139346EFB97E3531 /* CDVFile.m in Sources */ = {isa = PBXBuildFile; fileRef = 9DAA61D880FD4C489A9BBDAB /* CDVFile.m */; };
		0CB1D03D2F6044D0A9B90589 /* Security.framework in Frameworks */ = {isa = PBXBuildFile; fileRef = 2F773990C81A4525AB0E8E73 /* Security.framework */; };
		0DA68B625E784325A2886536 /* GCDWebServerFileResponse.m in Sources */ = {isa = PBXBuildFile; fileRef = ECAB96EC86ED4173A6684A60 /* GCDWebServerFileResponse.m */; };
		11600999462C4A0DB40E88B6 /* GCDWebServerMultiPartFormRequest.m in Sources */ = {isa = PBXBuildFile; fileRef = CCB31313BDB44099990DA1AA /* GCDWebServerMultiPartFormRequest.m */; };
		124ACE7B6922440D9767BA2F /* SQLitePlugin.m in Sources */ = {isa = PBXBuildFile; fileRef = AE1CAC89B1C6458188960786 /* SQLitePlugin.m */; };
		17AF668DC53A4B7991945483 /* AVFoundation.framework in Frameworks */ = {isa = PBXBuildFile; fileRef = 195A9AE8D54D4F50A777F9AA /* AVFoundation.framework */; };
		1D3623260D0F684500981E51 /* AppDelegate.m in Sources */ = {isa = PBXBuildFile; fileRef = 1D3623250D0F684500981E51 /* AppDelegate.m */; };
		1D60589B0D05DD56006BFB54 /* main.m in Sources */ = {isa = PBXBuildFile; fileRef = 29B97316FDCFA39411CA2CEA /* main.m */; };
		1DA99A7EE08241E581AC7FCA /* CDVWKWebViewEngine.m in Sources */ = {isa = PBXBuildFile; fileRef = CCD8192544BE4B6EB9EA5903 /* CDVWKWebViewEngine.m */; };
		214971BDCD994DDCA9C558BF /* PSPDFThreadSafeMutableDictionary.m in Sources */ = {isa = PBXBuildFile; fileRef = 6313F88A6238430896B72A43 /* PSPDFThreadSafeMutableDictionary.m */; settings = {COMPILER_FLAGS = "-w"; }; };
		2DFFCC6E5D864989A8386E9E /* GCDWebServerConnection.m in Sources */ = {isa = PBXBuildFile; fileRef = 423F6BCAED4F4C398F3648A0 /* GCDWebServerConnection.m */; };
		301BF552109A68D80062928A /* libCordova.a in Frameworks */ = {isa = PBXBuildFile; fileRef = 301BF535109A57CC0062928A /* libCordova.a */; };
		302D95F114D2391D003F00A1 /* MainViewController.m in Sources */ = {isa = PBXBuildFile; fileRef = 302D95EF14D2391D003F00A1 /* MainViewController.m */; };
		302D95F214D2391D003F00A1 /* MainViewController.xib in Resources */ = {isa = PBXBuildFile; fileRef = 302D95F014D2391D003F00A1 /* MainViewController.xib */; };
		30DC782082294EBBBBFF6EC1 /* TextResponseSerializer.m in Sources */ = {isa = PBXBuildFile; fileRef = B10BE50817F84954A2A28AD7 /* TextResponseSerializer.m */; };
		30F4C864E4BD4987930745B3 /* CDVJpegHeaderWriter.m in Sources */ = {isa = PBXBuildFile; fileRef = CBFC3088F959449AAACCF759 /* CDVJpegHeaderWriter.m */; };
		3178EE147203485CADAD83C5 /* ImageIO.framework in Frameworks */ = {isa = PBXBuildFile; fileRef = 98AF90835A4A4974A3838D9B /* ImageIO.framework */; settings = {ATTRIBUTES = (Weak, ); }; };
		34C8268E07304E30A67D9B85 /* FacebookConnectPlugin.m in Sources */ = {isa = PBXBuildFile; fileRef = EF92E5F0AA7D4AE6B7CE8D8D /* FacebookConnectPlugin.m */; };
		3856A92675DE4A42BA5C8912 /* AFURLRequestSerialization.m in Sources */ = {isa = PBXBuildFile; fileRef = 8AA79610298D423B9D6BA56E /* AFURLRequestSerialization.m */; };
		40F95A3F55264A23BEE770EF /* GCDWebServer.m in Sources */ = {isa = PBXBuildFile; fileRef = 93E7AD9ECF854B7984F4112C /* GCDWebServer.m */; };
		46E2326C501E4A8AAF67EED9 /* GCDWebServerURLEncodedFormRequest.m in Sources */ = {isa = PBXBuildFile; fileRef = 77248D9BDFBD45229447541B /* GCDWebServerURLEncodedFormRequest.m */; };
		4B1B246198564943B586F59E /* GCDWebServerDataRequest.m in Sources */ = {isa = PBXBuildFile; fileRef = CD32E8ECE2EF4D9ABB08BD52 /* GCDWebServerDataRequest.m */; };
		4B5F558B3E944E6FAD1A487B /* AFURLSessionManager.m in Sources */ = {isa = PBXBuildFile; fileRef = 28AE1823A69F46ED9915BF82 /* AFURLSessionManager.m */; };
		4EBA8AA352C7462787B041BE /* GCDWebServerStreamedResponse.m in Sources */ = {isa = PBXBuildFile; fileRef = 5D734829C7E04A92A710198D /* GCDWebServerStreamedResponse.m */; };
		55F758AEAB084FCB99250405 /* CDVLocalFilesystem.m in Sources */ = {isa = PBXBuildFile; fileRef = 9F54F20BB73B420FAF8EA21D /* CDVLocalFilesystem.m */; };
		659B9B9AB0AA45FC83D5B744 /* GCDWebServerFileRequest.m in Sources */ = {isa = PBXBuildFile; fileRef = 95AB3C0EA2344D0AB73008E4 /* GCDWebServerFileRequest.m */; };
		65F3D53775A4494785E66674 /* CDVIonicKeyboard.m in Sources */ = {isa = PBXBuildFile; fileRef = E8591E7C6EC84B5C964BDC52 /* CDVIonicKeyboard.m */; };
		6A022CC15A084DC3AC81849F /* AFSecurityPolicy.m in Sources */ = {isa = PBXBuildFile; fileRef = F9DE125ADD8F42AA91B3FB06 /* AFSecurityPolicy.m */; };
		6AFF5BF91D6E424B00AB3073 /* CDVLaunchScreen.storyboard in Resources */ = {isa = PBXBuildFile; fileRef = 6AFF5BF81D6E424B00AB3073 /* CDVLaunchScreen.storyboard */; };
		72FE37133E15472E8E14D227 /* sqlite3.c in Sources */ = {isa = PBXBuildFile; fileRef = 2898940F32674F61B2C6F09E /* sqlite3.c */; settings = {COMPILER_FLAGS = "-w -DSQLITE_THREADSAFE=1 -DSQLITE_DEFAULT_SYNCHRONOUS=3 -DSQLITE_DEFAULT_MEMSTATUS=0 -DSQLITE_OMIT_DECLTYPE -DSQLITE_OMIT_DEPRECATED -DSQLITE_OMIT_PROGRESS_CALLBACK -DSQLITE_OMIT_SHARED_CACHE -DSQLITE_TEMP_STORE=2 -DSQLITE_OMIT_LOAD_EXTENSION -DSQLITE_ENABLE_FTS3 -DSQLITE_ENABLE_FTS3_PARENTHESIS -DSQLITE_ENABLE_FTS4 -DSQLITE_ENABLE_RTREE -DSQLITE_DEFAULT_PAGE_SIZE=1024 -DSQLITE_DEFAULT_CACHE_SIZE=2000"; }; };
		77258673FC1C48E2BB0C3DD2 /* CDVAssetLibraryFilesystem.m in Sources */ = {isa = PBXBuildFile; fileRef = 4D172D01EE0343DC96F97924 /* CDVAssetLibraryFilesystem.m */; };
		7D06DC8CC1C34DA59F96D6F0 /* FBSDKCoreKit.framework in Frameworks */ = {isa = PBXBuildFile; fileRef = 7E1136FFB2E24256BCBC9DD9 /* FBSDKCoreKit.framework */; };
		7D22D2887DBF4DD88A9D9E04 /* CordovaHttpPlugin.m in Sources */ = {isa = PBXBuildFile; fileRef = 54DA96B018F94B0C8C1DCEA0 /* CordovaHttpPlugin.m */; };
		81C3E03D5BAE4228897753EA /* FBSDKShareKit.framework in Frameworks */ = {isa = PBXBuildFile; fileRef = 6FE60C5E7C664311BDA0A5B2 /* FBSDKShareKit.framework */; };
		84660475D0714422B3030D1F /* CoreLocation.framework in Frameworks */ = {isa = PBXBuildFile; fileRef = C09AAD3722464E47A62428F7 /* CoreLocation.framework */; };
		9429D230DF6344D495ABCA8E /* GCDWebServerRequest.m in Sources */ = {isa = PBXBuildFile; fileRef = 902A6DB6722D483ABB7CE784 /* GCDWebServerRequest.m */; };
		94E35D136DAD40AA8E88E15C /* GCDWebServerErrorResponse.m in Sources */ = {isa = PBXBuildFile; fileRef = 3AFAF3C83C2A4CC0B56A9FE9 /* GCDWebServerErrorResponse.m */; };
		964F6F9EB3CE40DE8455780C /* GCDWebServerDataResponse.m in Sources */ = {isa = PBXBuildFile; fileRef = D543C7E557CA42A58F261F3F /* GCDWebServerDataResponse.m */; };
		99652EB181BE4514B191758E /* AFURLResponseSerialization.m in Sources */ = {isa = PBXBuildFile; fileRef = 849EF8B11BB54358BA5D3FDC /* AFURLResponseSerialization.m */; };
		A00F90EC538747C1B8203F98 /* CDVWKWebViewUIDelegate.m in Sources */ = {isa = PBXBuildFile; fileRef = 52137DDC20E54B5E9D74589E /* CDVWKWebViewUIDelegate.m */; };
		A28B8D3BC0564E86BC037683 /* TextRequestSerializer.m in Sources */ = {isa = PBXBuildFile; fileRef = 96A7DCB0778D4D90B9B11D2A /* TextRequestSerializer.m */; };
		A6EF7F7CD9A248DEA2319F97 /* AFNetworkReachabilityManager.m in Sources */ = {isa = PBXBuildFile; fileRef = A7C0D425BE794F7BB2F6387A /* AFNetworkReachabilityManager.m */; };
		B40CCCFB529342F395266502 /* CDVCamera.m in Sources */ = {isa = PBXBuildFile; fileRef = 32BB4B4D32374F62BFBB44B8 /* CDVCamera.m */; };
		BE25E94B29824DB794403155 /* CDVDevice.m in Sources */ = {isa = PBXBuildFile; fileRef = 1FC22A1C90664AD580199AE8 /* CDVDevice.m */; };
		C2FF230C545549959678A672 /* CDVViewController+SplashScreen.m in Sources */ = {isa = PBXBuildFile; fileRef = AE7AF2B70CFD44BEB2A01E10 /* CDVViewController+SplashScreen.m */; };
		C9EE2795A699474DAA947221 /* CDVSplashScreen.m in Sources */ = {isa = PBXBuildFile; fileRef = 878E95F73B2E47E1877E3A9D /* CDVSplashScreen.m */; };
		CB1ACF36C7204032BC998569 /* SystemConfiguration.framework in Frameworks */ = {isa = PBXBuildFile; fileRef = EEF2AB0CE7304AA1AA5C44CB /* SystemConfiguration.framework */; };
		CBDBE77ACF8540E196BB9967 /* FBSDKLoginKit.framework in Frameworks */ = {isa = PBXBuildFile; fileRef = 3856CE84A9114544A16DF37F /* FBSDKLoginKit.framework */; };
		D0F6ECC1641E4D2D8A3EE38F /* Bolts.framework in Frameworks */ = {isa = PBXBuildFile; fileRef = EB255FF5464D4CD58EAE071C /* Bolts.framework */; };
		D3C74AFDBDD9497794235579 /* GCDWebServerFunctions.m in Sources */ = {isa = PBXBuildFile; fileRef = CEA5D300156F4C069308BBD4 /* GCDWebServerFunctions.m */; };
		D9952924FB644933A3ACF319 /* GCDWebServerResponse.m in Sources */ = {isa = PBXBuildFile; fileRef = 066A6B261D36448EB243E284 /* GCDWebServerResponse.m */; };
		DAB0AB33FE7A4441A83B2ADB /* AFHTTPSessionManager.m in Sources */ = {isa = PBXBuildFile; fileRef = 1F225D21C584431289500DE6 /* AFHTTPSessionManager.m */; };
		ED9CF9200542467BBCFEB84C /* CDVFileTransfer.m in Sources */ = {isa = PBXBuildFile; fileRef = 275C85AF616A484194760212 /* CDVFileTransfer.m */; };
		F21DC07C84854F4C9A4EF586 /* UIImage+CropScaleOrientation.m in Sources */ = {isa = PBXBuildFile; fileRef = B15D45184BB04FDD92809709 /* UIImage+CropScaleOrientation.m */; };
		F4FC3F0BDCEA4327852074B5 /* libz.tbd in Frameworks */ = {isa = PBXBuildFile; fileRef = F55261BEEC1B435EA695AA55 /* libz.tbd */; };
		FBE21C0D907844F5A6D01820 /* CDVWKProcessPoolFactory.m in Sources */ = {isa = PBXBuildFile; fileRef = 5F04545E26224A9D85CD81D2 /* CDVWKProcessPoolFactory.m */; };
		FF238DAEAE4546E29205197B /* WebKit.framework in Frameworks */ = {isa = PBXBuildFile; fileRef = 338D65854E3448E991BAE81D /* WebKit.framework */; settings = {ATTRIBUTES = (Weak, ); }; };
		8E153B8D3A254224BFA2A529 /* CDVClipboard.m in Sources */ = {isa = PBXBuildFile; fileRef = 60965C21C4014C48B47BBCC1 /* CDVClipboard.m */; };
		CDCC3DEC466B438DAF760267 /* CDVInstagramPlugin.m in Sources */ = {isa = PBXBuildFile; fileRef = E6C61B55C06A4874A15E18E4 /* CDVInstagramPlugin.m */; };
/* End PBXBuildFile section */

/* Begin PBXContainerItemProxy section */
		301BF534109A57CC0062928A /* PBXContainerItemProxy */ = {
			isa = PBXContainerItemProxy;
			containerPortal = 301BF52D109A57CC0062928A /* CordovaLib/CordovaLib.xcodeproj */;
			proxyType = 2;
			remoteGlobalIDString = D2AAC07E0554694100DB518D;
			remoteInfo = CordovaLib;
		};
		301BF550109A68C00062928A /* PBXContainerItemProxy */ = {
			isa = PBXContainerItemProxy;
			containerPortal = 301BF52D109A57CC0062928A /* CordovaLib/CordovaLib.xcodeproj */;
			proxyType = 1;
			remoteGlobalIDString = D2AAC07D0554694100DB518D;
			remoteInfo = CordovaLib;
		};
		D053131520733A0C00FDBF96 /* PBXContainerItemProxy */ = {
			isa = PBXContainerItemProxy;
			containerPortal = 301BF52D109A57CC0062928A /* CordovaLib/CordovaLib.xcodeproj */;
			proxyType = 2;
			remoteGlobalIDString = C0C01EB21E3911D50056E6CB;
			remoteInfo = Cordova;
		};
/* End PBXContainerItemProxy section */

/* Begin PBXFileReference section */
		00E28332468342EC89FBABE9 /* PSPDFThreadSafeMutableDictionary.h */ = {isa = PBXFileReference; explicitFileType = undefined; fileEncoding = 4; includeInIndex = 0; lastKnownFileType = sourcecode.c.h; name = PSPDFThreadSafeMutableDictionary.h; path = "cordova-sqlite-storage/PSPDFThreadSafeMutableDictionary.h"; sourceTree = "<group>"; };
		0207DA571B56EA530066E2B4 /* Images.xcassets */ = {isa = PBXFileReference; lastKnownFileType = folder.assetcatalog; name = Images.xcassets; path = "Just One/Images.xcassets"; sourceTree = SOURCE_ROOT; };
		066A6B261D36448EB243E284 /* GCDWebServerResponse.m */ = {isa = PBXFileReference; explicitFileType = undefined; fileEncoding = 4; includeInIndex = 0; lastKnownFileType = sourcecode.c.objc; name = GCDWebServerResponse.m; path = "cordova-plugin-ionic-webview/GCDWebServerResponse.m"; sourceTree = "<group>"; };
		07508387DA8A45BE97E72946 /* GCDWebServerErrorResponse.h */ = {isa = PBXFileReference; explicitFileType = undefined; fileEncoding = 4; includeInIndex = 0; lastKnownFileType = sourcecode.c.h; name = GCDWebServerErrorResponse.h; path = "cordova-plugin-ionic-webview/GCDWebServerErrorResponse.h"; sourceTree = "<group>"; };
		09E4D7BCEA1A4E45A06B88C8 /* CDVFile.h */ = {isa = PBXFileReference; explicitFileType = undefined; fileEncoding = 4; includeInIndex = 0; lastKnownFileType = sourcecode.c.h; name = CDVFile.h; path = "cordova-plugin-file/CDVFile.h"; sourceTree = "<group>"; };
		0D53B1B1A0B0466C99C1EF15 /* CDVCamera.h */ = {isa = PBXFileReference; explicitFileType = undefined; fileEncoding = 4; includeInIndex = 0; lastKnownFileType = sourcecode.c.h; name = CDVCamera.h; path = "cordova-plugin-camera/CDVCamera.h"; sourceTree = "<group>"; };
		0DB4F939ADB94CFEA2306033 /* AFNetworkReachabilityManager.h */ = {isa = PBXFileReference; explicitFileType = undefined; fileEncoding = 4; includeInIndex = 0; lastKnownFileType = sourcecode.c.h; name = AFNetworkReachabilityManager.h; path = "cordova-plugin-advanced-http/AFNetworkReachabilityManager.h"; sourceTree = "<group>"; };
		0F2C30E34B5148BAAAC137AE /* CDVWKWebViewUIDelegate.h */ = {isa = PBXFileReference; explicitFileType = undefined; fileEncoding = 4; includeInIndex = 0; lastKnownFileType = sourcecode.c.h; name = CDVWKWebViewUIDelegate.h; path = "cordova-plugin-ionic-webview/CDVWKWebViewUIDelegate.h"; sourceTree = "<group>"; };
		0FF7C853BB5B4BE5A2C8197A /* CDVViewController+SplashScreen.h */ = {isa = PBXFileReference; explicitFileType = undefined; fileEncoding = 4; includeInIndex = 0; lastKnownFileType = sourcecode.c.h; name = "CDVViewController+SplashScreen.h"; path = "cordova-plugin-splashscreen/CDVViewController+SplashScreen.h"; sourceTree = "<group>"; };
		145CF65C90754192AA3D557E /* AFURLResponseSerialization.h */ = {isa = PBXFileReference; explicitFileType = undefined; fileEncoding = 4; includeInIndex = 0; lastKnownFileType = sourcecode.c.h; name = AFURLResponseSerialization.h; path = "cordova-plugin-advanced-http/AFURLResponseSerialization.h"; sourceTree = "<group>"; };
		195A9AE8D54D4F50A777F9AA /* AVFoundation.framework */ = {isa = PBXFileReference; explicitFileType = undefined; fileEncoding = 9; includeInIndex = 0; lastKnownFileType = wrapper.framework; name = AVFoundation.framework; path = System/Library/Frameworks/AVFoundation.framework; sourceTree = SDKROOT; };
		1B54B69A029E411F8C19B3C4 /* GCDWebServerStreamedResponse.h */ = {isa = PBXFileReference; explicitFileType = undefined; fileEncoding = 4; includeInIndex = 0; lastKnownFileType = sourcecode.c.h; name = GCDWebServerStreamedResponse.h; path = "cordova-plugin-ionic-webview/GCDWebServerStreamedResponse.h"; sourceTree = "<group>"; };
		1D3623240D0F684500981E51 /* AppDelegate.h */ = {isa = PBXFileReference; fileEncoding = 4; lastKnownFileType = sourcecode.c.h; path = AppDelegate.h; sourceTree = "<group>"; };
		1D3623250D0F684500981E51 /* AppDelegate.m */ = {isa = PBXFileReference; fileEncoding = 4; lastKnownFileType = sourcecode.c.objc; path = AppDelegate.m; sourceTree = "<group>"; };
		1D6058910D05DD3D006BFB54 /* Just One.app */ = {isa = PBXFileReference; explicitFileType = wrapper.application; includeInIndex = 0; path = "Just One.app"; sourceTree = BUILT_PRODUCTS_DIR; };
		1E3940E57DC94EE08B330FF3 /* GCDWebServerConnection.h */ = {isa = PBXFileReference; explicitFileType = undefined; fileEncoding = 4; includeInIndex = 0; lastKnownFileType = sourcecode.c.h; name = GCDWebServerConnection.h; path = "cordova-plugin-ionic-webview/GCDWebServerConnection.h"; sourceTree = "<group>"; };
		1F225D21C584431289500DE6 /* AFHTTPSessionManager.m */ = {isa = PBXFileReference; explicitFileType = undefined; fileEncoding = 4; includeInIndex = 0; lastKnownFileType = sourcecode.c.objc; name = AFHTTPSessionManager.m; path = "cordova-plugin-advanced-http/AFHTTPSessionManager.m"; sourceTree = "<group>"; };
		1FC22A1C90664AD580199AE8 /* CDVDevice.m */ = {isa = PBXFileReference; explicitFileType = undefined; fileEncoding = 4; includeInIndex = 0; lastKnownFileType = sourcecode.c.objc; name = CDVDevice.m; path = "cordova-plugin-device/CDVDevice.m"; sourceTree = "<group>"; };
		275C85AF616A484194760212 /* CDVFileTransfer.m */ = {isa = PBXFileReference; explicitFileType = undefined; fileEncoding = 4; includeInIndex = 0; lastKnownFileType = sourcecode.c.objc; name = CDVFileTransfer.m; path = "cordova-plugin-file-transfer/CDVFileTransfer.m"; sourceTree = "<group>"; };
		2898940F32674F61B2C6F09E /* sqlite3.c */ = {isa = PBXFileReference; explicitFileType = undefined; fileEncoding = 9; includeInIndex = 0; lastKnownFileType = unknown; name = sqlite3.c; path = "cordova-sqlite-storage/sqlite3.c"; sourceTree = "<group>"; };
		28AE1823A69F46ED9915BF82 /* AFURLSessionManager.m */ = {isa = PBXFileReference; explicitFileType = undefined; fileEncoding = 4; includeInIndex = 0; lastKnownFileType = sourcecode.c.objc; name = AFURLSessionManager.m; path = "cordova-plugin-advanced-http/AFURLSessionManager.m"; sourceTree = "<group>"; };
		29B97316FDCFA39411CA2CEA /* main.m */ = {isa = PBXFileReference; fileEncoding = 4; lastKnownFileType = sourcecode.c.objc; path = main.m; sourceTree = "<group>"; };
		2B539BC33C494182972930F1 /* GCDWebServerResponse.h */ = {isa = PBXFileReference; explicitFileType = undefined; fileEncoding = 4; includeInIndex = 0; lastKnownFileType = sourcecode.c.h; name = GCDWebServerResponse.h; path = "cordova-plugin-ionic-webview/GCDWebServerResponse.h"; sourceTree = "<group>"; };
		2CEA86F2AD4D4E0B93B901CC /* GCDWebServerPrivate.h */ = {isa = PBXFileReference; explicitFileType = undefined; fileEncoding = 4; includeInIndex = 0; lastKnownFileType = sourcecode.c.h; name = GCDWebServerPrivate.h; path = "cordova-plugin-ionic-webview/GCDWebServerPrivate.h"; sourceTree = "<group>"; };
		2F773990C81A4525AB0E8E73 /* Security.framework */ = {isa = PBXFileReference; explicitFileType = undefined; fileEncoding = 9; includeInIndex = 0; lastKnownFileType = wrapper.framework; name = Security.framework; path = System/Library/Frameworks/Security.framework; sourceTree = SDKROOT; };
		301BF52D109A57CC0062928A /* CordovaLib/CordovaLib.xcodeproj */ = {isa = PBXFileReference; lastKnownFileType = "wrapper.pb-project"; path = CordovaLib/CordovaLib.xcodeproj; sourceTree = "<group>"; };
		301BF56E109A69640062928A /* www */ = {isa = PBXFileReference; lastKnownFileType = folder; path = www; sourceTree = SOURCE_ROOT; };
		302D95EE14D2391D003F00A1 /* MainViewController.h */ = {isa = PBXFileReference; fileEncoding = 4; lastKnownFileType = sourcecode.c.h; path = MainViewController.h; sourceTree = "<group>"; };
		302D95EF14D2391D003F00A1 /* MainViewController.m */ = {isa = PBXFileReference; fileEncoding = 4; lastKnownFileType = sourcecode.c.objc; path = MainViewController.m; sourceTree = "<group>"; };
		302D95F014D2391D003F00A1 /* MainViewController.xib */ = {isa = PBXFileReference; fileEncoding = 4; lastKnownFileType = file.xib; path = MainViewController.xib; sourceTree = "<group>"; };
		3047A50F1AB8059700498E2A /* build-debug.xcconfig */ = {isa = PBXFileReference; fileEncoding = 4; lastKnownFileType = text.xcconfig; name = "build-debug.xcconfig"; path = "cordova/build-debug.xcconfig"; sourceTree = SOURCE_ROOT; };
		3047A5101AB8059700498E2A /* build-release.xcconfig */ = {isa = PBXFileReference; fileEncoding = 4; lastKnownFileType = text.xcconfig; name = "build-release.xcconfig"; path = "cordova/build-release.xcconfig"; sourceTree = SOURCE_ROOT; };
		3047A5111AB8059700498E2A /* build.xcconfig */ = {isa = PBXFileReference; fileEncoding = 4; lastKnownFileType = text.xcconfig; name = build.xcconfig; path = cordova/build.xcconfig; sourceTree = SOURCE_ROOT; };
		32BB4B4D32374F62BFBB44B8 /* CDVCamera.m */ = {isa = PBXFileReference; explicitFileType = undefined; fileEncoding = 4; includeInIndex = 0; lastKnownFileType = sourcecode.c.objc; name = CDVCamera.m; path = "cordova-plugin-camera/CDVCamera.m"; sourceTree = "<group>"; };
		32CA4F630368D1EE00C91783 /* Just One-Prefix.pch */ = {isa = PBXFileReference; fileEncoding = 4; lastKnownFileType = sourcecode.c.h; path = "Just One-Prefix.pch"; sourceTree = "<group>"; };
		338D65854E3448E991BAE81D /* WebKit.framework */ = {isa = PBXFileReference; explicitFileType = undefined; fileEncoding = 9; includeInIndex = 0; lastKnownFileType = wrapper.framework; name = WebKit.framework; path = System/Library/Frameworks/WebKit.framework; sourceTree = SDKROOT; };
		3856CE84A9114544A16DF37F /* FBSDKLoginKit.framework */ = {isa = PBXFileReference; explicitFileType = undefined; fileEncoding = 9; includeInIndex = 0; lastKnownFileType = wrapper.framework; name = FBSDKLoginKit.framework; path = "Just One/Plugins/cordova-plugin-facebook4/FBSDKLoginKit.framework"; sourceTree = "<group>"; };
		397E0EEE34744362A226FD39 /* GCDWebServerURLEncodedFormRequest.h */ = {isa = PBXFileReference; explicitFileType = undefined; fileEncoding = 4; includeInIndex = 0; lastKnownFileType = sourcecode.c.h; name = GCDWebServerURLEncodedFormRequest.h; path = "cordova-plugin-ionic-webview/GCDWebServerURLEncodedFormRequest.h"; sourceTree = "<group>"; };
		3AFAF3C83C2A4CC0B56A9FE9 /* GCDWebServerErrorResponse.m */ = {isa = PBXFileReference; explicitFileType = undefined; fileEncoding = 4; includeInIndex = 0; lastKnownFileType = sourcecode.c.objc; name = GCDWebServerErrorResponse.m; path = "cordova-plugin-ionic-webview/GCDWebServerErrorResponse.m"; sourceTree = "<group>"; };
		3B41AEDE57AE4B3DB5737332 /* TextRequestSerializer.h */ = {isa = PBXFileReference; explicitFileType = undefined; fileEncoding = 4; includeInIndex = 0; lastKnownFileType = sourcecode.c.h; name = TextRequestSerializer.h; path = "cordova-plugin-advanced-http/TextRequestSerializer.h"; sourceTree = "<group>"; };
		3CA3375244C24DBDA9A1B3F5 /* GCDWebServerDataRequest.h */ = {isa = PBXFileReference; explicitFileType = undefined; fileEncoding = 4; includeInIndex = 0; lastKnownFileType = sourcecode.c.h; name = GCDWebServerDataRequest.h; path = "cordova-plugin-ionic-webview/GCDWebServerDataRequest.h"; sourceTree = "<group>"; };
		3D3B15BA97C0447BBEEE5482 /* AFURLSessionManager.h */ = {isa = PBXFileReference; explicitFileType = undefined; fileEncoding = 4; includeInIndex = 0; lastKnownFileType = sourcecode.c.h; name = AFURLSessionManager.h; path = "cordova-plugin-advanced-http/AFURLSessionManager.h"; sourceTree = "<group>"; };
		3D59902D561447AB8CB3A9CE /* FacebookConnectPlugin.h */ = {isa = PBXFileReference; explicitFileType = undefined; fileEncoding = 4; includeInIndex = 0; lastKnownFileType = sourcecode.c.h; name = FacebookConnectPlugin.h; path = "cordova-plugin-facebook4/FacebookConnectPlugin.h"; sourceTree = "<group>"; };
		411A530D9D43490BA9FD41C7 /* TextResponseSerializer.h */ = {isa = PBXFileReference; explicitFileType = undefined; fileEncoding = 4; includeInIndex = 0; lastKnownFileType = sourcecode.c.h; name = TextResponseSerializer.h; path = "cordova-plugin-advanced-http/TextResponseSerializer.h"; sourceTree = "<group>"; };
		423F6BCAED4F4C398F3648A0 /* GCDWebServerConnection.m */ = {isa = PBXFileReference; explicitFileType = undefined; fileEncoding = 4; includeInIndex = 0; lastKnownFileType = sourcecode.c.objc; name = GCDWebServerConnection.m; path = "cordova-plugin-ionic-webview/GCDWebServerConnection.m"; sourceTree = "<group>"; };
		456CE3E7F16E4EAFA528A1BC /* GCDWebServerHTTPStatusCodes.h */ = {isa = PBXFileReference; explicitFileType = undefined; fileEncoding = 4; includeInIndex = 0; lastKnownFileType = sourcecode.c.h; name = GCDWebServerHTTPStatusCodes.h; path = "cordova-plugin-ionic-webview/GCDWebServerHTTPStatusCodes.h"; sourceTree = "<group>"; };
		4D172D01EE0343DC96F97924 /* CDVAssetLibraryFilesystem.m */ = {isa = PBXFileReference; explicitFileType = undefined; fileEncoding = 4; includeInIndex = 0; lastKnownFileType = sourcecode.c.objc; name = CDVAssetLibraryFilesystem.m; path = "cordova-plugin-file/CDVAssetLibraryFilesystem.m"; sourceTree = "<group>"; };
		52137DDC20E54B5E9D74589E /* CDVWKWebViewUIDelegate.m */ = {isa = PBXFileReference; explicitFileType = undefined; fileEncoding = 4; includeInIndex = 0; lastKnownFileType = sourcecode.c.objc; name = CDVWKWebViewUIDelegate.m; path = "cordova-plugin-ionic-webview/CDVWKWebViewUIDelegate.m"; sourceTree = "<group>"; };
		54DA96B018F94B0C8C1DCEA0 /* CordovaHttpPlugin.m */ = {isa = PBXFileReference; explicitFileType = undefined; fileEncoding = 4; includeInIndex = 0; lastKnownFileType = sourcecode.c.objc; name = CordovaHttpPlugin.m; path = "cordova-plugin-advanced-http/CordovaHttpPlugin.m"; sourceTree = "<group>"; };
		5AF37FDBA251440092F39BDC /* AFNetworking.h */ = {isa = PBXFileReference; explicitFileType = undefined; fileEncoding = 4; includeInIndex = 0; lastKnownFileType = sourcecode.c.h; name = AFNetworking.h; path = "cordova-plugin-advanced-http/AFNetworking.h"; sourceTree = "<group>"; };
		5D734829C7E04A92A710198D /* GCDWebServerStreamedResponse.m */ = {isa = PBXFileReference; explicitFileType = undefined; fileEncoding = 4; includeInIndex = 0; lastKnownFileType = sourcecode.c.objc; name = GCDWebServerStreamedResponse.m; path = "cordova-plugin-ionic-webview/GCDWebServerStreamedResponse.m"; sourceTree = "<group>"; };
		5D83AD1DB89741D28B4EBC51 /* CDVFileTransfer.h */ = {isa = PBXFileReference; explicitFileType = undefined; fileEncoding = 4; includeInIndex = 0; lastKnownFileType = sourcecode.c.h; name = CDVFileTransfer.h; path = "cordova-plugin-file-transfer/CDVFileTransfer.h"; sourceTree = "<group>"; };
		5F04545E26224A9D85CD81D2 /* CDVWKProcessPoolFactory.m */ = {isa = PBXFileReference; explicitFileType = undefined; fileEncoding = 4; includeInIndex = 0; lastKnownFileType = sourcecode.c.objc; name = CDVWKProcessPoolFactory.m; path = "cordova-plugin-ionic-webview/CDVWKProcessPoolFactory.m"; sourceTree = "<group>"; };
		5F8711866D3F430BB584B733 /* GCDWebServerDataResponse.h */ = {isa = PBXFileReference; explicitFileType = undefined; fileEncoding = 4; includeInIndex = 0; lastKnownFileType = sourcecode.c.h; name = GCDWebServerDataResponse.h; path = "cordova-plugin-ionic-webview/GCDWebServerDataResponse.h"; sourceTree = "<group>"; };
		6313F88A6238430896B72A43 /* PSPDFThreadSafeMutableDictionary.m */ = {isa = PBXFileReference; explicitFileType = undefined; fileEncoding = 4; includeInIndex = 0; lastKnownFileType = sourcecode.c.objc; name = PSPDFThreadSafeMutableDictionary.m; path = "cordova-sqlite-storage/PSPDFThreadSafeMutableDictionary.m"; sourceTree = "<group>"; };
		64F1B91DE44A4E0D8A40F047 /* GCDWebServer.h */ = {isa = PBXFileReference; explicitFileType = undefined; fileEncoding = 4; includeInIndex = 0; lastKnownFileType = sourcecode.c.h; name = GCDWebServer.h; path = "cordova-plugin-ionic-webview/GCDWebServer.h"; sourceTree = "<group>"; };
		65B12D0B7BDF448E959B39AE /* GCDWebServerFileRequest.h */ = {isa = PBXFileReference; explicitFileType = undefined; fileEncoding = 4; includeInIndex = 0; lastKnownFileType = sourcecode.c.h; name = GCDWebServerFileRequest.h; path = "cordova-plugin-ionic-webview/GCDWebServerFileRequest.h"; sourceTree = "<group>"; };
		6AFF5BF81D6E424B00AB3073 /* CDVLaunchScreen.storyboard */ = {isa = PBXFileReference; fileEncoding = 4; lastKnownFileType = file.storyboard; name = CDVLaunchScreen.storyboard; path = "Just One/CDVLaunchScreen.storyboard"; sourceTree = SOURCE_ROOT; };
		6FE60C5E7C664311BDA0A5B2 /* FBSDKShareKit.framework */ = {isa = PBXFileReference; explicitFileType = undefined; fileEncoding = 9; includeInIndex = 0; lastKnownFileType = wrapper.framework; name = FBSDKShareKit.framework; path = "Just One/Plugins/cordova-plugin-facebook4/FBSDKShareKit.framework"; sourceTree = "<group>"; };
		702B6CCD6DC043ECBE78EADA /* CordovaHttpPlugin.h */ = {isa = PBXFileReference; explicitFileType = undefined; fileEncoding = 4; includeInIndex = 0; lastKnownFileType = sourcecode.c.h; name = CordovaHttpPlugin.h; path = "cordova-plugin-advanced-http/CordovaHttpPlugin.h"; sourceTree = "<group>"; };
		77248D9BDFBD45229447541B /* GCDWebServerURLEncodedFormRequest.m */ = {isa = PBXFileReference; explicitFileType = undefined; fileEncoding = 4; includeInIndex = 0; lastKnownFileType = sourcecode.c.objc; name = GCDWebServerURLEncodedFormRequest.m; path = "cordova-plugin-ionic-webview/GCDWebServerURLEncodedFormRequest.m"; sourceTree = "<group>"; };
		7E1136FFB2E24256BCBC9DD9 /* FBSDKCoreKit.framework */ = {isa = PBXFileReference; explicitFileType = undefined; fileEncoding = 9; includeInIndex = 0; lastKnownFileType = wrapper.framework; name = FBSDKCoreKit.framework; path = "Just One/Plugins/cordova-plugin-facebook4/FBSDKCoreKit.framework"; sourceTree = "<group>"; };
		820F58AA6DB34632AE988F47 /* sqlite3.h */ = {isa = PBXFileReference; explicitFileType = undefined; fileEncoding = 4; includeInIndex = 0; lastKnownFileType = sourcecode.c.h; name = sqlite3.h; path = "cordova-sqlite-storage/sqlite3.h"; sourceTree = "<group>"; };
		822CEBD3AD75406E9D33A6E9 /* GCDWebServerRequest.h */ = {isa = PBXFileReference; explicitFileType = undefined; fileEncoding = 4; includeInIndex = 0; lastKnownFileType = sourcecode.c.h; name = GCDWebServerRequest.h; path = "cordova-plugin-ionic-webview/GCDWebServerRequest.h"; sourceTree = "<group>"; };
		83EB788ECA0D4C21B6CB45BA /* AFSecurityPolicy.h */ = {isa = PBXFileReference; explicitFileType = undefined; fileEncoding = 4; includeInIndex = 0; lastKnownFileType = sourcecode.c.h; name = AFSecurityPolicy.h; path = "cordova-plugin-advanced-http/AFSecurityPolicy.h"; sourceTree = "<group>"; };
		849EF8B11BB54358BA5D3FDC /* AFURLResponseSerialization.m */ = {isa = PBXFileReference; explicitFileType = undefined; fileEncoding = 4; includeInIndex = 0; lastKnownFileType = sourcecode.c.objc; name = AFURLResponseSerialization.m; path = "cordova-plugin-advanced-http/AFURLResponseSerialization.m"; sourceTree = "<group>"; };
		87152E48618845D5BF51C175 /* CDVDevice.h */ = {isa = PBXFileReference; explicitFileType = undefined; fileEncoding = 4; includeInIndex = 0; lastKnownFileType = sourcecode.c.h; name = CDVDevice.h; path = "cordova-plugin-device/CDVDevice.h"; sourceTree = "<group>"; };
		878E95F73B2E47E1877E3A9D /* CDVSplashScreen.m */ = {isa = PBXFileReference; explicitFileType = undefined; fileEncoding = 4; includeInIndex = 0; lastKnownFileType = sourcecode.c.objc; name = CDVSplashScreen.m; path = "cordova-plugin-splashscreen/CDVSplashScreen.m"; sourceTree = "<group>"; };
		8AA79610298D423B9D6BA56E /* AFURLRequestSerialization.m */ = {isa = PBXFileReference; explicitFileType = undefined; fileEncoding = 4; includeInIndex = 0; lastKnownFileType = sourcecode.c.objc; name = AFURLRequestSerialization.m; path = "cordova-plugin-advanced-http/AFURLRequestSerialization.m"; sourceTree = "<group>"; };
		8D1107310486CEB800E47090 /* Just One-Info.plist */ = {isa = PBXFileReference; fileEncoding = 4; lastKnownFileType = text.plist.xml; name = "Just One-Info.plist"; path = "Just One/Just One-Info.plist"; plistStructureDefinitionIdentifier = "com.apple.xcode.plist.structure-definition.iphone.info-plist"; sourceTree = SOURCE_ROOT; };
		8D3E37CB386C426B86B3A83D /* CDVAssetLibraryFilesystem.h */ = {isa = PBXFileReference; explicitFileType = undefined; fileEncoding = 4; includeInIndex = 0; lastKnownFileType = sourcecode.c.h; name = CDVAssetLibraryFilesystem.h; path = "cordova-plugin-file/CDVAssetLibraryFilesystem.h"; sourceTree = "<group>"; };
		902A6DB6722D483ABB7CE784 /* GCDWebServerRequest.m */ = {isa = PBXFileReference; explicitFileType = undefined; fileEncoding = 4; includeInIndex = 0; lastKnownFileType = sourcecode.c.objc; name = GCDWebServerRequest.m; path = "cordova-plugin-ionic-webview/GCDWebServerRequest.m"; sourceTree = "<group>"; };
		90A1CC1C89534EB98260FFEA /* CDVWKProcessPoolFactory.h */ = {isa = PBXFileReference; explicitFileType = undefined; fileEncoding = 4; includeInIndex = 0; lastKnownFileType = sourcecode.c.h; name = CDVWKProcessPoolFactory.h; path = "cordova-plugin-ionic-webview/CDVWKProcessPoolFactory.h"; sourceTree = "<group>"; };
		915EA7D64F534F00A33BD72A /* AFURLRequestSerialization.h */ = {isa = PBXFileReference; explicitFileType = undefined; fileEncoding = 4; includeInIndex = 0; lastKnownFileType = sourcecode.c.h; name = AFURLRequestSerialization.h; path = "cordova-plugin-advanced-http/AFURLRequestSerialization.h"; sourceTree = "<group>"; };
		93E7AD9ECF854B7984F4112C /* GCDWebServer.m */ = {isa = PBXFileReference; explicitFileType = undefined; fileEncoding = 4; includeInIndex = 0; lastKnownFileType = sourcecode.c.objc; name = GCDWebServer.m; path = "cordova-plugin-ionic-webview/GCDWebServer.m"; sourceTree = "<group>"; };
		95AB3C0EA2344D0AB73008E4 /* GCDWebServerFileRequest.m */ = {isa = PBXFileReference; explicitFileType = undefined; fileEncoding = 4; includeInIndex = 0; lastKnownFileType = sourcecode.c.objc; name = GCDWebServerFileRequest.m; path = "cordova-plugin-ionic-webview/GCDWebServerFileRequest.m"; sourceTree = "<group>"; };
		96A7DCB0778D4D90B9B11D2A /* TextRequestSerializer.m */ = {isa = PBXFileReference; explicitFileType = undefined; fileEncoding = 4; includeInIndex = 0; lastKnownFileType = sourcecode.c.objc; name = TextRequestSerializer.m; path = "cordova-plugin-advanced-http/TextRequestSerializer.m"; sourceTree = "<group>"; };
		97CE0003C91E442397A48AF0 /* GCDWebServerFileResponse.h */ = {isa = PBXFileReference; explicitFileType = undefined; fileEncoding = 4; includeInIndex = 0; lastKnownFileType = sourcecode.c.h; name = GCDWebServerFileResponse.h; path = "cordova-plugin-ionic-webview/GCDWebServerFileResponse.h"; sourceTree = "<group>"; };
		98AF90835A4A4974A3838D9B /* ImageIO.framework */ = {isa = PBXFileReference; explicitFileType = undefined; fileEncoding = 9; includeInIndex = 0; lastKnownFileType = wrapper.framework; name = ImageIO.framework; path = System/Library/Frameworks/ImageIO.framework; sourceTree = SDKROOT; };
		9C414238ED534C71AADF8B70 /* CDVExif.h */ = {isa = PBXFileReference; explicitFileType = undefined; fileEncoding = 4; includeInIndex = 0; lastKnownFileType = sourcecode.c.h; name = CDVExif.h; path = "cordova-plugin-camera/CDVExif.h"; sourceTree = "<group>"; };
		9C66BA16514043A7BF8253BA /* CDVSplashScreen.h */ = {isa = PBXFileReference; explicitFileType = undefined; fileEncoding = 4; includeInIndex = 0; lastKnownFileType = sourcecode.c.h; name = CDVSplashScreen.h; path = "cordova-plugin-splashscreen/CDVSplashScreen.h"; sourceTree = "<group>"; };
		9DAA61D880FD4C489A9BBDAB /* CDVFile.m */ = {isa = PBXFileReference; explicitFileType = undefined; fileEncoding = 4; includeInIndex = 0; lastKnownFileType = sourcecode.c.objc; name = CDVFile.m; path = "cordova-plugin-file/CDVFile.m"; sourceTree = "<group>"; };
		9F54F20BB73B420FAF8EA21D /* CDVLocalFilesystem.m */ = {isa = PBXFileReference; explicitFileType = undefined; fileEncoding = 4; includeInIndex = 0; lastKnownFileType = sourcecode.c.objc; name = CDVLocalFilesystem.m; path = "cordova-plugin-file/CDVLocalFilesystem.m"; sourceTree = "<group>"; };
		A7C0D425BE794F7BB2F6387A /* AFNetworkReachabilityManager.m */ = {isa = PBXFileReference; explicitFileType = undefined; fileEncoding = 4; includeInIndex = 0; lastKnownFileType = sourcecode.c.objc; name = AFNetworkReachabilityManager.m; path = "cordova-plugin-advanced-http/AFNetworkReachabilityManager.m"; sourceTree = "<group>"; };
		AD1635E707CE46DFAC2F0FDF /* GCDWebServerMultiPartFormRequest.h */ = {isa = PBXFileReference; explicitFileType = undefined; fileEncoding = 4; includeInIndex = 0; lastKnownFileType = sourcecode.c.h; name = GCDWebServerMultiPartFormRequest.h; path = "cordova-plugin-ionic-webview/GCDWebServerMultiPartFormRequest.h"; sourceTree = "<group>"; };
		AE1CAC89B1C6458188960786 /* SQLitePlugin.m */ = {isa = PBXFileReference; explicitFileType = undefined; fileEncoding = 4; includeInIndex = 0; lastKnownFileType = sourcecode.c.objc; name = SQLitePlugin.m; path = "cordova-sqlite-storage/SQLitePlugin.m"; sourceTree = "<group>"; };
		AE7AF2B70CFD44BEB2A01E10 /* CDVViewController+SplashScreen.m */ = {isa = PBXFileReference; explicitFileType = undefined; fileEncoding = 4; includeInIndex = 0; lastKnownFileType = sourcecode.c.objc; name = "CDVViewController+SplashScreen.m"; path = "cordova-plugin-splashscreen/CDVViewController+SplashScreen.m"; sourceTree = "<group>"; };
		B10BE50817F84954A2A28AD7 /* TextResponseSerializer.m */ = {isa = PBXFileReference; explicitFileType = undefined; fileEncoding = 4; includeInIndex = 0; lastKnownFileType = sourcecode.c.objc; name = TextResponseSerializer.m; path = "cordova-plugin-advanced-http/TextResponseSerializer.m"; sourceTree = "<group>"; };
		B15D45184BB04FDD92809709 /* UIImage+CropScaleOrientation.m */ = {isa = PBXFileReference; explicitFileType = undefined; fileEncoding = 4; includeInIndex = 0; lastKnownFileType = sourcecode.c.objc; name = "UIImage+CropScaleOrientation.m"; path = "cordova-plugin-camera/UIImage+CropScaleOrientation.m"; sourceTree = "<group>"; };
		C09AAD3722464E47A62428F7 /* CoreLocation.framework */ = {isa = PBXFileReference; explicitFileType = undefined; fileEncoding = 9; includeInIndex = 0; lastKnownFileType = wrapper.framework; name = CoreLocation.framework; path = System/Library/Frameworks/CoreLocation.framework; sourceTree = SDKROOT; };
		CBFC3088F959449AAACCF759 /* CDVJpegHeaderWriter.m */ = {isa = PBXFileReference; explicitFileType = undefined; fileEncoding = 4; includeInIndex = 0; lastKnownFileType = sourcecode.c.objc; name = CDVJpegHeaderWriter.m; path = "cordova-plugin-camera/CDVJpegHeaderWriter.m"; sourceTree = "<group>"; };
		CCB31313BDB44099990DA1AA /* GCDWebServerMultiPartFormRequest.m */ = {isa = PBXFileReference; explicitFileType = undefined; fileEncoding = 4; includeInIndex = 0; lastKnownFileType = sourcecode.c.objc; name = GCDWebServerMultiPartFormRequest.m; path = "cordova-plugin-ionic-webview/GCDWebServerMultiPartFormRequest.m"; sourceTree = "<group>"; };
		CCD8192544BE4B6EB9EA5903 /* CDVWKWebViewEngine.m */ = {isa = PBXFileReference; explicitFileType = undefined; fileEncoding = 4; includeInIndex = 0; lastKnownFileType = sourcecode.c.objc; name = CDVWKWebViewEngine.m; path = "cordova-plugin-ionic-webview/CDVWKWebViewEngine.m"; sourceTree = "<group>"; };
		CD32E8ECE2EF4D9ABB08BD52 /* GCDWebServerDataRequest.m */ = {isa = PBXFileReference; explicitFileType = undefined; fileEncoding = 4; includeInIndex = 0; lastKnownFileType = sourcecode.c.objc; name = GCDWebServerDataRequest.m; path = "cordova-plugin-ionic-webview/GCDWebServerDataRequest.m"; sourceTree = "<group>"; };
		CEA5D300156F4C069308BBD4 /* GCDWebServerFunctions.m */ = {isa = PBXFileReference; explicitFileType = undefined; fileEncoding = 4; includeInIndex = 0; lastKnownFileType = sourcecode.c.objc; name = GCDWebServerFunctions.m; path = "cordova-plugin-ionic-webview/GCDWebServerFunctions.m"; sourceTree = "<group>"; };
		CEEEF82EE54F4B67B378E0DD /* CDVJpegHeaderWriter.h */ = {isa = PBXFileReference; explicitFileType = undefined; fileEncoding = 4; includeInIndex = 0; lastKnownFileType = sourcecode.c.h; name = CDVJpegHeaderWriter.h; path = "cordova-plugin-camera/CDVJpegHeaderWriter.h"; sourceTree = "<group>"; };
		D543C7E557CA42A58F261F3F /* GCDWebServerDataResponse.m */ = {isa = PBXFileReference; explicitFileType = undefined; fileEncoding = 4; includeInIndex = 0; lastKnownFileType = sourcecode.c.objc; name = GCDWebServerDataResponse.m; path = "cordova-plugin-ionic-webview/GCDWebServerDataResponse.m"; sourceTree = "<group>"; };
		D87473DB00CB44EE9EEEFD4D /* CDVWKWebViewEngine.h */ = {isa = PBXFileReference; explicitFileType = undefined; fileEncoding = 4; includeInIndex = 0; lastKnownFileType = sourcecode.c.h; name = CDVWKWebViewEngine.h; path = "cordova-plugin-ionic-webview/CDVWKWebViewEngine.h"; sourceTree = "<group>"; };
		DCA61B7BB03C4C3BAC676A6B /* SQLitePlugin.h */ = {isa = PBXFileReference; explicitFileType = undefined; fileEncoding = 4; includeInIndex = 0; lastKnownFileType = sourcecode.c.h; name = SQLitePlugin.h; path = "cordova-sqlite-storage/SQLitePlugin.h"; sourceTree = "<group>"; };
		E0B79AA56FE447C0894CA5AF /* AFHTTPSessionManager.h */ = {isa = PBXFileReference; explicitFileType = undefined; fileEncoding = 4; includeInIndex = 0; lastKnownFileType = sourcecode.c.h; name = AFHTTPSessionManager.h; path = "cordova-plugin-advanced-http/AFHTTPSessionManager.h"; sourceTree = "<group>"; };
		E61AFA7E77664C708A93023B /* UIImage+CropScaleOrientation.h */ = {isa = PBXFileReference; explicitFileType = undefined; fileEncoding = 4; includeInIndex = 0; lastKnownFileType = sourcecode.c.h; name = "UIImage+CropScaleOrientation.h"; path = "cordova-plugin-camera/UIImage+CropScaleOrientation.h"; sourceTree = "<group>"; };
		E8591E7C6EC84B5C964BDC52 /* CDVIonicKeyboard.m */ = {isa = PBXFileReference; explicitFileType = undefined; fileEncoding = 4; includeInIndex = 0; lastKnownFileType = sourcecode.c.objc; name = CDVIonicKeyboard.m; path = "cordova-plugin-ionic-keyboard/CDVIonicKeyboard.m"; sourceTree = "<group>"; };
		EB255FF5464D4CD58EAE071C /* Bolts.framework */ = {isa = PBXFileReference; explicitFileType = undefined; fileEncoding = 9; includeInIndex = 0; lastKnownFileType = wrapper.framework; name = Bolts.framework; path = "Just One/Plugins/cordova-plugin-facebook4/Bolts.framework"; sourceTree = "<group>"; };
		EB87FDF31871DA8E0020F90C /* www */ = {isa = PBXFileReference; lastKnownFileType = folder; name = www; path = ../../www; sourceTree = "<group>"; };
		EB87FDF41871DAF40020F90C /* config.xml */ = {isa = PBXFileReference; lastKnownFileType = text.xml; name = config.xml; path = ../../config.xml; sourceTree = "<group>"; };
		ECAB96EC86ED4173A6684A60 /* GCDWebServerFileResponse.m */ = {isa = PBXFileReference; explicitFileType = undefined; fileEncoding = 4; includeInIndex = 0; lastKnownFileType = sourcecode.c.objc; name = GCDWebServerFileResponse.m; path = "cordova-plugin-ionic-webview/GCDWebServerFileResponse.m"; sourceTree = "<group>"; };
		ED33DF2A687741AEAF9F8254 /* Bridging-Header.h */ = {isa = PBXFileReference; fileEncoding = 4; lastKnownFileType = sourcecode.c.h; path = "Bridging-Header.h"; sourceTree = "<group>"; };
		EEF2AB0CE7304AA1AA5C44CB /* SystemConfiguration.framework */ = {isa = PBXFileReference; explicitFileType = undefined; fileEncoding = 9; includeInIndex = 0; lastKnownFileType = wrapper.framework; name = SystemConfiguration.framework; path = System/Library/Frameworks/SystemConfiguration.framework; sourceTree = SDKROOT; };
		EF92E5F0AA7D4AE6B7CE8D8D /* FacebookConnectPlugin.m */ = {isa = PBXFileReference; explicitFileType = undefined; fileEncoding = 4; includeInIndex = 0; lastKnownFileType = sourcecode.c.objc; name = FacebookConnectPlugin.m; path = "cordova-plugin-facebook4/FacebookConnectPlugin.m"; sourceTree = "<group>"; };
		F55261BEEC1B435EA695AA55 /* libz.tbd */ = {isa = PBXFileReference; explicitFileType = undefined; fileEncoding = 9; includeInIndex = 0; lastKnownFileType = "sourcecode.text-based-dylib-definition"; name = libz.tbd; path = usr/lib/libz.tbd; sourceTree = SDKROOT; };
		F65EBCE632114309AA7C0F0B /* CDVLocalFilesystem.h */ = {isa = PBXFileReference; explicitFileType = undefined; fileEncoding = 4; includeInIndex = 0; lastKnownFileType = sourcecode.c.h; name = CDVLocalFilesystem.h; path = "cordova-plugin-file/CDVLocalFilesystem.h"; sourceTree = "<group>"; };
		F840E1F0165FE0F500CFE078 /* config.xml */ = {isa = PBXFileReference; lastKnownFileType = text.xml; name = config.xml; path = "Just One/config.xml"; sourceTree = "<group>"; };
		F8AFBD1BDE0E4CF19C91DF88 /* GCDWebServerFunctions.h */ = {isa = PBXFileReference; explicitFileType = undefined; fileEncoding = 4; includeInIndex = 0; lastKnownFileType = sourcecode.c.h; name = GCDWebServerFunctions.h; path = "cordova-plugin-ionic-webview/GCDWebServerFunctions.h"; sourceTree = "<group>"; };
		F9DE125ADD8F42AA91B3FB06 /* AFSecurityPolicy.m */ = {isa = PBXFileReference; explicitFileType = undefined; fileEncoding = 4; includeInIndex = 0; lastKnownFileType = sourcecode.c.objc; name = AFSecurityPolicy.m; path = "cordova-plugin-advanced-http/AFSecurityPolicy.m"; sourceTree = "<group>"; };
		FA49C418EA5B48BBBF003306 /* CDVIonicKeyboard.h */ = {isa = PBXFileReference; explicitFileType = undefined; fileEncoding = 4; includeInIndex = 0; lastKnownFileType = sourcecode.c.h; name = CDVIonicKeyboard.h; path = "cordova-plugin-ionic-keyboard/CDVIonicKeyboard.h"; sourceTree = "<group>"; };
		60965C21C4014C48B47BBCC1 /* CDVClipboard.m */ = {isa = PBXFileReference; name = "CDVClipboard.m"; path = "cordova-universal-clipboard/CDVClipboard.m"; sourceTree = "<group>"; fileEncoding = 4; lastKnownFileType = sourcecode.c.objc; explicitFileType = undefined; includeInIndex = 0; };
		9285DDAF4AA749B3970EB3A6 /* CDVClipboard.h */ = {isa = PBXFileReference; name = "CDVClipboard.h"; path = "cordova-universal-clipboard/CDVClipboard.h"; sourceTree = "<group>"; fileEncoding = 4; lastKnownFileType = sourcecode.c.h; explicitFileType = undefined; includeInIndex = 0; };
		E6C61B55C06A4874A15E18E4 /* CDVInstagramPlugin.m */ = {isa = PBXFileReference; name = "CDVInstagramPlugin.m"; path = "cordova-instagram-plugin/CDVInstagramPlugin/CDVInstagramPlugin.m"; sourceTree = "<group>"; fileEncoding = 4; lastKnownFileType = sourcecode.c.objc; explicitFileType = undefined; includeInIndex = 0; };
		052F134644C24B1F91B6D8F5 /* CDVInstagramPlugin.h */ = {isa = PBXFileReference; name = "CDVInstagramPlugin.h"; path = "cordova-instagram-plugin/CDVInstagramPlugin/CDVInstagramPlugin.h"; sourceTree = "<group>"; fileEncoding = 4; lastKnownFileType = sourcecode.c.h; explicitFileType = undefined; includeInIndex = 0; };
/* End PBXFileReference section */

/* Begin PBXFrameworksBuildPhase section */
		1D60588F0D05DD3D006BFB54 /* Frameworks */ = {
			isa = PBXFrameworksBuildPhase;
			buildActionMask = 2147483647;
			files = (
				301BF552109A68D80062928A /* libCordova.a in Frameworks */,
				0CB1D03D2F6044D0A9B90589 /* Security.framework in Frameworks */,
				CB1ACF36C7204032BC998569 /* SystemConfiguration.framework in Frameworks */,
				3178EE147203485CADAD83C5 /* ImageIO.framework in Frameworks */,
				84660475D0714422B3030D1F /* CoreLocation.framework in Frameworks */,
				17AF668DC53A4B7991945483 /* AVFoundation.framework in Frameworks */,
				F4FC3F0BDCEA4327852074B5 /* libz.tbd in Frameworks */,
				D0F6ECC1641E4D2D8A3EE38F /* Bolts.framework in Frameworks */,
				7D06DC8CC1C34DA59F96D6F0 /* FBSDKCoreKit.framework in Frameworks */,
				CBDBE77ACF8540E196BB9967 /* FBSDKLoginKit.framework in Frameworks */,
				81C3E03D5BAE4228897753EA /* FBSDKShareKit.framework in Frameworks */,
				FF238DAEAE4546E29205197B /* WebKit.framework in Frameworks */,
			);
			runOnlyForDeploymentPostprocessing = 0;
		};
/* End PBXFrameworksBuildPhase section */

/* Begin PBXGroup section */
		080E96DDFE201D6D7F000001 /* Classes */ = {
			isa = PBXGroup;
			children = (
				302D95EE14D2391D003F00A1 /* MainViewController.h */,
				302D95EF14D2391D003F00A1 /* MainViewController.m */,
				302D95F014D2391D003F00A1 /* MainViewController.xib */,
				1D3623240D0F684500981E51 /* AppDelegate.h */,
				1D3623250D0F684500981E51 /* AppDelegate.m */,
			);
			name = Classes;
			path = "Just One/Classes";
			sourceTree = SOURCE_ROOT;
		};
		19C28FACFE9D520D11CA2CBB /* Products */ = {
			isa = PBXGroup;
			children = (
				1D6058910D05DD3D006BFB54 /* Just One.app */,
			);
			name = Products;
			sourceTree = "<group>";
		};
		29B97314FDCFA39411CA2CEA /* CustomTemplate */ = {
			isa = PBXGroup;
			children = (
				EB87FDF41871DAF40020F90C /* config.xml */,
				EB87FDF31871DA8E0020F90C /* www */,
				EB87FDF11871DA420020F90C /* Staging */,
				301BF52D109A57CC0062928A /* CordovaLib/CordovaLib.xcodeproj */,
				080E96DDFE201D6D7F000001 /* Classes */,
				307C750510C5A3420062BCA9 /* Plugins */,
				29B97315FDCFA39411CA2CEA /* Other Sources */,
				29B97317FDCFA39411CA2CEA /* Resources */,
				29B97323FDCFA39411CA2CEA /* Frameworks */,
				19C28FACFE9D520D11CA2CBB /* Products */,
			);
			name = CustomTemplate;
			sourceTree = "<group>";
		};
		29B97315FDCFA39411CA2CEA /* Other Sources */ = {
			isa = PBXGroup;
			children = (
				32CA4F630368D1EE00C91783 /* Just One-Prefix.pch */,
				29B97316FDCFA39411CA2CEA /* main.m */,
				ED33DF2A687741AEAF9F8254 /* Bridging-Header.h */,
			);
			name = "Other Sources";
			path = "Just One";
			sourceTree = "<group>";
		};
		29B97317FDCFA39411CA2CEA /* Resources */ = {
			isa = PBXGroup;
			children = (
				0207DA571B56EA530066E2B4 /* Images.xcassets */,
				3047A50E1AB8057F00498E2A /* config */,
				8D1107310486CEB800E47090 /* Just One-Info.plist */,
				6AFF5BF81D6E424B00AB3073 /* CDVLaunchScreen.storyboard */,
			);
			name = Resources;
			path = "Just One/Resources";
			sourceTree = "<group>";
		};
		29B97323FDCFA39411CA2CEA /* Frameworks */ = {
			isa = PBXGroup;
			children = (
				2F773990C81A4525AB0E8E73 /* Security.framework */,
				EEF2AB0CE7304AA1AA5C44CB /* SystemConfiguration.framework */,
				98AF90835A4A4974A3838D9B /* ImageIO.framework */,
				C09AAD3722464E47A62428F7 /* CoreLocation.framework */,
				195A9AE8D54D4F50A777F9AA /* AVFoundation.framework */,
				F55261BEEC1B435EA695AA55 /* libz.tbd */,
				EB255FF5464D4CD58EAE071C /* Bolts.framework */,
				7E1136FFB2E24256BCBC9DD9 /* FBSDKCoreKit.framework */,
				3856CE84A9114544A16DF37F /* FBSDKLoginKit.framework */,
				6FE60C5E7C664311BDA0A5B2 /* FBSDKShareKit.framework */,
				338D65854E3448E991BAE81D /* WebKit.framework */,
			);
			name = Frameworks;
			sourceTree = "<group>";
		};
		301BF52E109A57CC0062928A /* Products */ = {
			isa = PBXGroup;
			children = (
				301BF535109A57CC0062928A /* libCordova.a */,
				D053131620733A0C00FDBF96 /* Cordova.framework */,
			);
			name = Products;
			sourceTree = "<group>";
		};
		3047A50E1AB8057F00498E2A /* config */ = {
			isa = PBXGroup;
			children = (
				3047A50F1AB8059700498E2A /* build-debug.xcconfig */,
				3047A5101AB8059700498E2A /* build-release.xcconfig */,
				3047A5111AB8059700498E2A /* build.xcconfig */,
			);
			name = config;
			sourceTree = "<group>";
		};
		307C750510C5A3420062BCA9 /* Plugins */ = {
			isa = PBXGroup;
			children = (
				9DAA61D880FD4C489A9BBDAB /* CDVFile.m */,
				9F54F20BB73B420FAF8EA21D /* CDVLocalFilesystem.m */,
				4D172D01EE0343DC96F97924 /* CDVAssetLibraryFilesystem.m */,
				09E4D7BCEA1A4E45A06B88C8 /* CDVFile.h */,
				F65EBCE632114309AA7C0F0B /* CDVLocalFilesystem.h */,
				8D3E37CB386C426B86B3A83D /* CDVAssetLibraryFilesystem.h */,
				54DA96B018F94B0C8C1DCEA0 /* CordovaHttpPlugin.m */,
				B10BE50817F84954A2A28AD7 /* TextResponseSerializer.m */,
				96A7DCB0778D4D90B9B11D2A /* TextRequestSerializer.m */,
				1F225D21C584431289500DE6 /* AFHTTPSessionManager.m */,
				A7C0D425BE794F7BB2F6387A /* AFNetworkReachabilityManager.m */,
				F9DE125ADD8F42AA91B3FB06 /* AFSecurityPolicy.m */,
				8AA79610298D423B9D6BA56E /* AFURLRequestSerialization.m */,
				849EF8B11BB54358BA5D3FDC /* AFURLResponseSerialization.m */,
				28AE1823A69F46ED9915BF82 /* AFURLSessionManager.m */,
				702B6CCD6DC043ECBE78EADA /* CordovaHttpPlugin.h */,
				411A530D9D43490BA9FD41C7 /* TextResponseSerializer.h */,
				3B41AEDE57AE4B3DB5737332 /* TextRequestSerializer.h */,
				E0B79AA56FE447C0894CA5AF /* AFHTTPSessionManager.h */,
				5AF37FDBA251440092F39BDC /* AFNetworking.h */,
				0DB4F939ADB94CFEA2306033 /* AFNetworkReachabilityManager.h */,
				83EB788ECA0D4C21B6CB45BA /* AFSecurityPolicy.h */,
				915EA7D64F534F00A33BD72A /* AFURLRequestSerialization.h */,
				145CF65C90754192AA3D557E /* AFURLResponseSerialization.h */,
				3D3B15BA97C0447BBEEE5482 /* AFURLSessionManager.h */,
				B15D45184BB04FDD92809709 /* UIImage+CropScaleOrientation.m */,
				32BB4B4D32374F62BFBB44B8 /* CDVCamera.m */,
				CBFC3088F959449AAACCF759 /* CDVJpegHeaderWriter.m */,
				E61AFA7E77664C708A93023B /* UIImage+CropScaleOrientation.h */,
				0D53B1B1A0B0466C99C1EF15 /* CDVCamera.h */,
				CEEEF82EE54F4B67B378E0DD /* CDVJpegHeaderWriter.h */,
				9C414238ED534C71AADF8B70 /* CDVExif.h */,
				1FC22A1C90664AD580199AE8 /* CDVDevice.m */,
				87152E48618845D5BF51C175 /* CDVDevice.h */,
				EF92E5F0AA7D4AE6B7CE8D8D /* FacebookConnectPlugin.m */,
				3D59902D561447AB8CB3A9CE /* FacebookConnectPlugin.h */,
				275C85AF616A484194760212 /* CDVFileTransfer.m */,
				5D83AD1DB89741D28B4EBC51 /* CDVFileTransfer.h */,
				E8591E7C6EC84B5C964BDC52 /* CDVIonicKeyboard.m */,
				FA49C418EA5B48BBBF003306 /* CDVIonicKeyboard.h */,
				CCD8192544BE4B6EB9EA5903 /* CDVWKWebViewEngine.m */,
				52137DDC20E54B5E9D74589E /* CDVWKWebViewUIDelegate.m */,
				5F04545E26224A9D85CD81D2 /* CDVWKProcessPoolFactory.m */,
				93E7AD9ECF854B7984F4112C /* GCDWebServer.m */,
				423F6BCAED4F4C398F3648A0 /* GCDWebServerConnection.m */,
				CEA5D300156F4C069308BBD4 /* GCDWebServerFunctions.m */,
				902A6DB6722D483ABB7CE784 /* GCDWebServerRequest.m */,
				066A6B261D36448EB243E284 /* GCDWebServerResponse.m */,
				CD32E8ECE2EF4D9ABB08BD52 /* GCDWebServerDataRequest.m */,
				95AB3C0EA2344D0AB73008E4 /* GCDWebServerFileRequest.m */,
				CCB31313BDB44099990DA1AA /* GCDWebServerMultiPartFormRequest.m */,
				77248D9BDFBD45229447541B /* GCDWebServerURLEncodedFormRequest.m */,
				D543C7E557CA42A58F261F3F /* GCDWebServerDataResponse.m */,
				3AFAF3C83C2A4CC0B56A9FE9 /* GCDWebServerErrorResponse.m */,
				ECAB96EC86ED4173A6684A60 /* GCDWebServerFileResponse.m */,
				5D734829C7E04A92A710198D /* GCDWebServerStreamedResponse.m */,
				D87473DB00CB44EE9EEEFD4D /* CDVWKWebViewEngine.h */,
				0F2C30E34B5148BAAAC137AE /* CDVWKWebViewUIDelegate.h */,
				90A1CC1C89534EB98260FFEA /* CDVWKProcessPoolFactory.h */,
				64F1B91DE44A4E0D8A40F047 /* GCDWebServer.h */,
				1E3940E57DC94EE08B330FF3 /* GCDWebServerConnection.h */,
				F8AFBD1BDE0E4CF19C91DF88 /* GCDWebServerFunctions.h */,
				456CE3E7F16E4EAFA528A1BC /* GCDWebServerHTTPStatusCodes.h */,
				2CEA86F2AD4D4E0B93B901CC /* GCDWebServerPrivate.h */,
				822CEBD3AD75406E9D33A6E9 /* GCDWebServerRequest.h */,
				2B539BC33C494182972930F1 /* GCDWebServerResponse.h */,
				3CA3375244C24DBDA9A1B3F5 /* GCDWebServerDataRequest.h */,
				65B12D0B7BDF448E959B39AE /* GCDWebServerFileRequest.h */,
				AD1635E707CE46DFAC2F0FDF /* GCDWebServerMultiPartFormRequest.h */,
				397E0EEE34744362A226FD39 /* GCDWebServerURLEncodedFormRequest.h */,
				5F8711866D3F430BB584B733 /* GCDWebServerDataResponse.h */,
				07508387DA8A45BE97E72946 /* GCDWebServerErrorResponse.h */,
				97CE0003C91E442397A48AF0 /* GCDWebServerFileResponse.h */,
				1B54B69A029E411F8C19B3C4 /* GCDWebServerStreamedResponse.h */,
				878E95F73B2E47E1877E3A9D /* CDVSplashScreen.m */,
				AE7AF2B70CFD44BEB2A01E10 /* CDVViewController+SplashScreen.m */,
				9C66BA16514043A7BF8253BA /* CDVSplashScreen.h */,
				0FF7C853BB5B4BE5A2C8197A /* CDVViewController+SplashScreen.h */,
				AE1CAC89B1C6458188960786 /* SQLitePlugin.m */,
				6313F88A6238430896B72A43 /* PSPDFThreadSafeMutableDictionary.m */,
				2898940F32674F61B2C6F09E /* sqlite3.c */,
				DCA61B7BB03C4C3BAC676A6B /* SQLitePlugin.h */,
				00E28332468342EC89FBABE9 /* PSPDFThreadSafeMutableDictionary.h */,
				820F58AA6DB34632AE988F47 /* sqlite3.h */,
				60965C21C4014C48B47BBCC1 /* CDVClipboard.m */,
				9285DDAF4AA749B3970EB3A6 /* CDVClipboard.h */,
				E6C61B55C06A4874A15E18E4 /* CDVInstagramPlugin.m */,
				052F134644C24B1F91B6D8F5 /* CDVInstagramPlugin.h */,
			);
			name = Plugins;
			path = "Just One/Plugins";
			sourceTree = SOURCE_ROOT;
		};
		EB87FDF11871DA420020F90C /* Staging */ = {
			isa = PBXGroup;
			children = (
				F840E1F0165FE0F500CFE078 /* config.xml */,
				301BF56E109A69640062928A /* www */,
			);
			name = Staging;
			sourceTree = "<group>";
		};
/* End PBXGroup section */

/* Begin PBXNativeTarget section */
		1D6058900D05DD3D006BFB54 /* Just One */ = {
			isa = PBXNativeTarget;
			buildConfigurationList = 1D6058960D05DD3E006BFB54 /* Build configuration list for PBXNativeTarget "Just One" */;
			buildPhases = (
				304B58A110DAC018002A0835 /* Copy www directory */,
				1D60588D0D05DD3D006BFB54 /* Resources */,
				1D60588E0D05DD3D006BFB54 /* Sources */,
				1D60588F0D05DD3D006BFB54 /* Frameworks */,
			);
			buildRules = (
			);
			dependencies = (
				301BF551109A68C00062928A /* PBXTargetDependency */,
			);
			name = "Just One";
			productName = "Just One";
			productReference = 1D6058910D05DD3D006BFB54 /* Just One.app */;
			productType = "com.apple.product-type.application";
		};
/* End PBXNativeTarget section */

/* Begin PBXProject section */
		29B97313FDCFA39411CA2CEA /* Project object */ = {
			isa = PBXProject;
			attributes = {
				LastUpgradeCheck = 510;
				TargetAttributes = {
					1D6058900D05DD3D006BFB54 = {
						DevelopmentTeam = 9N4W56W398;
					};
				};
			};
			buildConfigurationList = C01FCF4E08A954540054247B /* Build configuration list for PBXProject "Just One" */;
			compatibilityVersion = "Xcode 3.2";
			developmentRegion = English;
			hasScannedForEncodings = 1;
			knownRegions = (
				en,
			);
			mainGroup = 29B97314FDCFA39411CA2CEA /* CustomTemplate */;
			projectDirPath = "";
			projectReferences = (
				{
					ProductGroup = 301BF52E109A57CC0062928A /* Products */;
					ProjectRef = 301BF52D109A57CC0062928A /* CordovaLib/CordovaLib.xcodeproj */;
				},
			);
			projectRoot = "";
			targets = (
				1D6058900D05DD3D006BFB54 /* Just One */,
			);
		};
/* End PBXProject section */

/* Begin PBXReferenceProxy section */
		301BF535109A57CC0062928A /* libCordova.a */ = {
			isa = PBXReferenceProxy;
			fileType = archive.ar;
			path = libCordova.a;
			remoteRef = 301BF534109A57CC0062928A /* PBXContainerItemProxy */;
			sourceTree = BUILT_PRODUCTS_DIR;
		};
		D053131620733A0C00FDBF96 /* Cordova.framework */ = {
			isa = PBXReferenceProxy;
			fileType = wrapper.framework;
			path = Cordova.framework;
			remoteRef = D053131520733A0C00FDBF96 /* PBXContainerItemProxy */;
			sourceTree = BUILT_PRODUCTS_DIR;
		};
/* End PBXReferenceProxy section */

/* Begin PBXResourcesBuildPhase section */
		1D60588D0D05DD3D006BFB54 /* Resources */ = {
			isa = PBXResourcesBuildPhase;
			buildActionMask = 2147483647;
			files = (
				302D95F214D2391D003F00A1 /* MainViewController.xib in Resources */,
				0207DA581B56EA530066E2B4 /* Images.xcassets in Resources */,
				6AFF5BF91D6E424B00AB3073 /* CDVLaunchScreen.storyboard in Resources */,
			);
			runOnlyForDeploymentPostprocessing = 0;
		};
/* End PBXResourcesBuildPhase section */

/* Begin PBXShellScriptBuildPhase section */
		304B58A110DAC018002A0835 /* Copy www directory */ = {
			isa = PBXShellScriptBuildPhase;
			buildActionMask = 2147483647;
			files = (
			);
			inputPaths = (
			);
			name = "Copy www directory";
			outputPaths = (
			);
			runOnlyForDeploymentPostprocessing = 0;
			shellPath = /bin/sh;
			shellScript = "NODEJS_PATH=/usr/local/bin; NVM_NODE_PATH=~/.nvm/versions/node/`nvm version 2>/dev/null`/bin; N_NODE_PATH=`find /usr/local/n/versions/node/* -maxdepth 0 -type d 2>/dev/null | tail -1`/bin; XCODE_NODE_PATH=`xcode-select --print-path`/usr/share/xcs/Node/bin; PATH=$NODEJS_PATH:$NVM_NODE_PATH:$N_NODE_PATH:$XCODE_NODE_PATH:$PATH && node cordova/lib/copy-www-build-step.js";
			showEnvVarsInLog = 0;
		};
/* End PBXShellScriptBuildPhase section */

/* Begin PBXSourcesBuildPhase section */
		1D60588E0D05DD3D006BFB54 /* Sources */ = {
			isa = PBXSourcesBuildPhase;
			buildActionMask = 2147483647;
			files = (
				1D60589B0D05DD56006BFB54 /* main.m in Sources */,
				1D3623260D0F684500981E51 /* AppDelegate.m in Sources */,
				302D95F114D2391D003F00A1 /* MainViewController.m in Sources */,
				09926EA6139346EFB97E3531 /* CDVFile.m in Sources */,
				55F758AEAB084FCB99250405 /* CDVLocalFilesystem.m in Sources */,
				77258673FC1C48E2BB0C3DD2 /* CDVAssetLibraryFilesystem.m in Sources */,
				7D22D2887DBF4DD88A9D9E04 /* CordovaHttpPlugin.m in Sources */,
				30DC782082294EBBBBFF6EC1 /* TextResponseSerializer.m in Sources */,
				A28B8D3BC0564E86BC037683 /* TextRequestSerializer.m in Sources */,
				DAB0AB33FE7A4441A83B2ADB /* AFHTTPSessionManager.m in Sources */,
				A6EF7F7CD9A248DEA2319F97 /* AFNetworkReachabilityManager.m in Sources */,
				6A022CC15A084DC3AC81849F /* AFSecurityPolicy.m in Sources */,
				3856A92675DE4A42BA5C8912 /* AFURLRequestSerialization.m in Sources */,
				99652EB181BE4514B191758E /* AFURLResponseSerialization.m in Sources */,
				4B5F558B3E944E6FAD1A487B /* AFURLSessionManager.m in Sources */,
				F21DC07C84854F4C9A4EF586 /* UIImage+CropScaleOrientation.m in Sources */,
				B40CCCFB529342F395266502 /* CDVCamera.m in Sources */,
				30F4C864E4BD4987930745B3 /* CDVJpegHeaderWriter.m in Sources */,
				BE25E94B29824DB794403155 /* CDVDevice.m in Sources */,
				34C8268E07304E30A67D9B85 /* FacebookConnectPlugin.m in Sources */,
				ED9CF9200542467BBCFEB84C /* CDVFileTransfer.m in Sources */,
				65F3D53775A4494785E66674 /* CDVIonicKeyboard.m in Sources */,
				1DA99A7EE08241E581AC7FCA /* CDVWKWebViewEngine.m in Sources */,
				A00F90EC538747C1B8203F98 /* CDVWKWebViewUIDelegate.m in Sources */,
				FBE21C0D907844F5A6D01820 /* CDVWKProcessPoolFactory.m in Sources */,
				40F95A3F55264A23BEE770EF /* GCDWebServer.m in Sources */,
				2DFFCC6E5D864989A8386E9E /* GCDWebServerConnection.m in Sources */,
				D3C74AFDBDD9497794235579 /* GCDWebServerFunctions.m in Sources */,
				9429D230DF6344D495ABCA8E /* GCDWebServerRequest.m in Sources */,
				D9952924FB644933A3ACF319 /* GCDWebServerResponse.m in Sources */,
				4B1B246198564943B586F59E /* GCDWebServerDataRequest.m in Sources */,
				659B9B9AB0AA45FC83D5B744 /* GCDWebServerFileRequest.m in Sources */,
				11600999462C4A0DB40E88B6 /* GCDWebServerMultiPartFormRequest.m in Sources */,
				46E2326C501E4A8AAF67EED9 /* GCDWebServerURLEncodedFormRequest.m in Sources */,
				964F6F9EB3CE40DE8455780C /* GCDWebServerDataResponse.m in Sources */,
				94E35D136DAD40AA8E88E15C /* GCDWebServerErrorResponse.m in Sources */,
				0DA68B625E784325A2886536 /* GCDWebServerFileResponse.m in Sources */,
				4EBA8AA352C7462787B041BE /* GCDWebServerStreamedResponse.m in Sources */,
				C9EE2795A699474DAA947221 /* CDVSplashScreen.m in Sources */,
				C2FF230C545549959678A672 /* CDVViewController+SplashScreen.m in Sources */,
				124ACE7B6922440D9767BA2F /* SQLitePlugin.m in Sources */,
				214971BDCD994DDCA9C558BF /* PSPDFThreadSafeMutableDictionary.m in Sources */,
				72FE37133E15472E8E14D227 /* sqlite3.c in Sources */,
				8E153B8D3A254224BFA2A529 /* CDVClipboard.m in Sources */,
				CDCC3DEC466B438DAF760267 /* CDVInstagramPlugin.m in Sources */,
			);
			runOnlyForDeploymentPostprocessing = 0;
		};
/* End PBXSourcesBuildPhase section */

/* Begin PBXTargetDependency section */
		301BF551109A68C00062928A /* PBXTargetDependency */ = {
			isa = PBXTargetDependency;
			name = CordovaLib;
			targetProxy = 301BF550109A68C00062928A /* PBXContainerItemProxy */;
		};
/* End PBXTargetDependency section */

/* Begin XCBuildConfiguration section */
		1D6058940D05DD3E006BFB54 /* Debug */ = {
			isa = XCBuildConfiguration;
			baseConfigurationReference = 3047A50F1AB8059700498E2A /* build-debug.xcconfig */;
			buildSettings = {
				ALWAYS_SEARCH_USER_PATHS = NO;
				ASSETCATALOG_COMPILER_APPICON_NAME = AppIcon;
				ASSETCATALOG_COMPILER_LAUNCHIMAGE_NAME = LaunchImage;
				CLANG_ENABLE_MODULES = YES;
				CLANG_ENABLE_OBJC_ARC = YES;
				COPY_PHASE_STRIP = NO;
				DEVELOPMENT_TEAM = 9N4W56W398;
				FRAMEWORK_SEARCH_PATHS = (
					"$(inherited)",
					"\"Just One/Plugins/cordova-plugin-facebook4\"",
					"\"Just One/Plugins/cordova-plugin-facebook4\"",
					"\"Just One/Plugins/cordova-plugin-facebook4\"",
					"\"Just One/Plugins/cordova-plugin-facebook4\"",
				);
				GCC_DYNAMIC_NO_PIC = NO;
				GCC_OPTIMIZATION_LEVEL = 0;
				GCC_PRECOMPILE_PREFIX_HEADER = YES;
				GCC_PREFIX_HEADER = "Just One/Just One-Prefix.pch";
				GCC_THUMB_SUPPORT = NO;
				GCC_VERSION = "";
				INFOPLIST_FILE = "Just One/Just One-Info.plist";
				IPHONEOS_DEPLOYMENT_TARGET = 9.0;
				LD_RUNPATH_SEARCH_PATHS = "@executable_path/Frameworks";
				PRODUCT_NAME = "Just One";
				TARGETED_DEVICE_FAMILY = "1,2";
			};
			name = Debug;
		};
		1D6058950D05DD3E006BFB54 /* Release */ = {
			isa = XCBuildConfiguration;
			baseConfigurationReference = 3047A5101AB8059700498E2A /* build-release.xcconfig */;
			buildSettings = {
				ALWAYS_SEARCH_USER_PATHS = NO;
				ASSETCATALOG_COMPILER_APPICON_NAME = AppIcon;
				ASSETCATALOG_COMPILER_LAUNCHIMAGE_NAME = LaunchImage;
				CLANG_ENABLE_MODULES = YES;
				CLANG_ENABLE_OBJC_ARC = YES;
				COPY_PHASE_STRIP = YES;
				DEVELOPMENT_TEAM = 9N4W56W398;
				FRAMEWORK_SEARCH_PATHS = (
					"$(inherited)",
					"\"Just One/Plugins/cordova-plugin-facebook4\"",
					"\"Just One/Plugins/cordova-plugin-facebook4\"",
					"\"Just One/Plugins/cordova-plugin-facebook4\"",
					"\"Just One/Plugins/cordova-plugin-facebook4\"",
				);
				GCC_PRECOMPILE_PREFIX_HEADER = YES;
				GCC_PREFIX_HEADER = "Just One/Just One-Prefix.pch";
				GCC_THUMB_SUPPORT = NO;
				GCC_VERSION = "";
				INFOPLIST_FILE = "Just One/Just One-Info.plist";
				IPHONEOS_DEPLOYMENT_TARGET = 9.0;
				LD_RUNPATH_SEARCH_PATHS = "@executable_path/Frameworks";
				PRODUCT_NAME = "Just One";
				TARGETED_DEVICE_FAMILY = "1,2";
			};
			name = Release;
		};
		C01FCF4F08A954540054247B /* Debug */ = {
			isa = XCBuildConfiguration;
			baseConfigurationReference = 3047A5111AB8059700498E2A /* build.xcconfig */;
			buildSettings = {
				CLANG_ENABLE_MODULES = YES;
				CLANG_ENABLE_OBJC_ARC = YES;
				CLANG_WARN_BOOL_CONVERSION = YES;
				CLANG_WARN_CONSTANT_CONVERSION = YES;
				CLANG_WARN_EMPTY_BODY = YES;
				CLANG_WARN_ENUM_CONVERSION = YES;
				CLANG_WARN_INT_CONVERSION = YES;
				CLANG_WARN__DUPLICATE_METHOD_MATCH = YES;
				GCC_C_LANGUAGE_STANDARD = c99;
				GCC_THUMB_SUPPORT = NO;
				GCC_VERSION = "";
				GCC_WARN_ABOUT_RETURN_TYPE = YES;
				GCC_WARN_UNDECLARED_SELECTOR = YES;
				GCC_WARN_UNINITIALIZED_AUTOS = YES;
				GCC_WARN_UNUSED_FUNCTION = YES;
				GCC_WARN_UNUSED_VARIABLE = YES;
				ONLY_ACTIVE_ARCH = YES;
				SDKROOT = iphoneos;
				SKIP_INSTALL = NO;
			};
			name = Debug;
		};
		C01FCF5008A954540054247B /* Release */ = {
			isa = XCBuildConfiguration;
			baseConfigurationReference = 3047A5111AB8059700498E2A /* build.xcconfig */;
			buildSettings = {
				CLANG_ENABLE_MODULES = YES;
				CLANG_ENABLE_OBJC_ARC = YES;
				CLANG_WARN_BOOL_CONVERSION = YES;
				CLANG_WARN_CONSTANT_CONVERSION = YES;
				CLANG_WARN_EMPTY_BODY = YES;
				CLANG_WARN_ENUM_CONVERSION = YES;
				CLANG_WARN_INT_CONVERSION = YES;
				CLANG_WARN__DUPLICATE_METHOD_MATCH = YES;
				GCC_C_LANGUAGE_STANDARD = c99;
				GCC_THUMB_SUPPORT = NO;
				GCC_VERSION = "";
				GCC_WARN_ABOUT_RETURN_TYPE = YES;
				GCC_WARN_UNDECLARED_SELECTOR = YES;
				GCC_WARN_UNINITIALIZED_AUTOS = YES;
				GCC_WARN_UNUSED_FUNCTION = YES;
				GCC_WARN_UNUSED_VARIABLE = YES;
				SDKROOT = iphoneos;
				SKIP_INSTALL = NO;
			};
			name = Release;
		};
/* End XCBuildConfiguration section */

/* Begin XCConfigurationList section */
		1D6058960D05DD3E006BFB54 /* Build configuration list for PBXNativeTarget "Just One" */ = {
			isa = XCConfigurationList;
			buildConfigurations = (
				1D6058940D05DD3E006BFB54 /* Debug */,
				1D6058950D05DD3E006BFB54 /* Release */,
			);
			defaultConfigurationIsVisible = 0;
			defaultConfigurationName = Release;
		};
		C01FCF4E08A954540054247B /* Build configuration list for PBXProject "Just One" */ = {
			isa = XCConfigurationList;
			buildConfigurations = (
				C01FCF4F08A954540054247B /* Debug */,
				C01FCF5008A954540054247B /* Release */,
			);
			defaultConfigurationIsVisible = 0;
			defaultConfigurationName = Release;
		};
/* End XCConfigurationList section */
	};
	rootObject = 29B97313FDCFA39411CA2CEA /* Project object */;
}
