// !$*UTF8*$!
{
	archiveVersion = 1;
	classes = {
	};
	objectVersion = 46;
	objects = {
/* Begin PBXBuildFile section */
		0207DA581B56EA530066E2B4 /* Images.xcassets in Resources */ = {isa = PBXBuildFile; fileRef = 0207DA571B56EA530066E2B4 /* Images.xcassets */; };
		1D3623260D0F684500981E51 /* AppDelegate.m in Sources */ = {isa = PBXBuildFile; fileRef = 1D3623250D0F684500981E51 /* AppDelegate.m */; };
		1D60589B0D05DD56006BFB54 /* main.m in Sources */ = {isa = PBXBuildFile; fileRef = 29B97316FDCFA39411CA2CEA /* main.m */; };
		301BF552109A68D80062928A /* libCordova.a in Frameworks */ = {isa = PBXBuildFile; fileRef = 301BF535109A57CC0062928A /* libCordova.a */; };
		302D95F114D2391D003F00A1 /* MainViewController.m in Sources */ = {isa = PBXBuildFile; fileRef = 302D95EF14D2391D003F00A1 /* MainViewController.m */; };
		302D95F214D2391D003F00A1 /* MainViewController.xib in Resources */ = {isa = PBXBuildFile; fileRef = 302D95F014D2391D003F00A1 /* MainViewController.xib */; };
		3047A5121AB8059700498E2A /* build-debug.xcconfig in Resources */ = {isa = PBXBuildFile; fileRef = 3047A50F1AB8059700498E2A /* build-debug.xcconfig */; };
		3047A5131AB8059700498E2A /* build-release.xcconfig in Resources */ = {isa = PBXBuildFile; fileRef = 3047A5101AB8059700498E2A /* build-release.xcconfig */; };
		3047A5141AB8059700498E2A /* build.xcconfig in Resources */ = {isa = PBXBuildFile; fileRef = 3047A5111AB8059700498E2A /* build.xcconfig */; };
		6AFF5BF91D6E424B00AB3073 /* CDVLaunchScreen.storyboard in Resources */ = {isa = PBXBuildFile; fileRef = 6AFF5BF81D6E424B00AB3073 /* CDVLaunchScreen.storyboard */; };
		43A6128D342D4545AD04ACE7 /* CDVClipboard.m in Sources */ = {isa = PBXBuildFile; fileRef = A7BFD780D1E34C30BF100F7E /* CDVClipboard.m */; };
		7B9BE386842D4A1D879911B3 /* CDVInstagramPlugin.m in Sources */ = {isa = PBXBuildFile; fileRef = E1C64BB73FAE4015BDB97C7A /* CDVInstagramPlugin.m */; };
		C10A78FAE5EC48B999672613 /* CDVFile.m in Sources */ = {isa = PBXBuildFile; fileRef = 57F892EE9FBB4ED5A4FEA3BE /* CDVFile.m */; };
		6C485D27B45E41F88083B701 /* CDVLocalFilesystem.m in Sources */ = {isa = PBXBuildFile; fileRef = 84E4063A6D3E4FD69D5192CD /* CDVLocalFilesystem.m */; };
		9B12546436B4472FB9F88B3D /* CDVAssetLibraryFilesystem.m in Sources */ = {isa = PBXBuildFile; fileRef = 36B0972620EF4196851B280E /* CDVAssetLibraryFilesystem.m */; };
		0654FA4F8D4C47B3B8E661B2 /* CordovaHttpPlugin.m in Sources */ = {isa = PBXBuildFile; fileRef = 470B243BDB7D4D9E861D7C27 /* CordovaHttpPlugin.m */; };
		1A8DC3B50C9F4B24A0BD04CE /* TextResponseSerializer.m in Sources */ = {isa = PBXBuildFile; fileRef = D06876B3DE4A40C9BA867489 /* TextResponseSerializer.m */; };
		A9FC09D963FB45F387EFDF93 /* TextRequestSerializer.m in Sources */ = {isa = PBXBuildFile; fileRef = C61161C4C8754802944D77CA /* TextRequestSerializer.m */; };
		67C1FEA4883F4E418D92D7FC /* AFHTTPSessionManager.m in Sources */ = {isa = PBXBuildFile; fileRef = D116D82911DD427D9EF37570 /* AFHTTPSessionManager.m */; };
		38B0178879914F308B72088F /* AFNetworkReachabilityManager.m in Sources */ = {isa = PBXBuildFile; fileRef = 7FAD2D9DA1F6458BA33B8A5B /* AFNetworkReachabilityManager.m */; };
		41BEEE37256B47C795D3DF92 /* AFSecurityPolicy.m in Sources */ = {isa = PBXBuildFile; fileRef = D4CE03F6E34243AC967AFB8B /* AFSecurityPolicy.m */; };
		F73FBF49CA7F4B57B221DA22 /* AFURLRequestSerialization.m in Sources */ = {isa = PBXBuildFile; fileRef = 2AF79B255873459F96158E4A /* AFURLRequestSerialization.m */; };
		940BDD4E503C488493DB75CB /* AFURLResponseSerialization.m in Sources */ = {isa = PBXBuildFile; fileRef = 1B0C1A194D0E4D49940EED3A /* AFURLResponseSerialization.m */; };
		2A76770270EB44F9916F4C86 /* AFURLSessionManager.m in Sources */ = {isa = PBXBuildFile; fileRef = C2A3883A4144423C9A3E255F /* AFURLSessionManager.m */; };
		CE450D10440D472D89B9A499 /* Security.framework in Frameworks */ = {isa = PBXBuildFile; fileRef = 3DFF41683DD844B6B097B7E5 /* Security.framework */; };
		9AF021710CAE48AF91295D41 /* SystemConfiguration.framework in Frameworks */ = {isa = PBXBuildFile; fileRef = D3AE6974EB34434AA77F0DAB /* SystemConfiguration.framework */; };
		7C7A4BF35C6F4B9DB94124F0 /* UIImage+CropScaleOrientation.m in Sources */ = {isa = PBXBuildFile; fileRef = BDFF1A77E9D34AD0B0B64A98 /* UIImage+CropScaleOrientation.m */; };
		628E8516D8BE465EB4E0A522 /* CDVCamera.m in Sources */ = {isa = PBXBuildFile; fileRef = 057BC1F677CE47C7ABAE1928 /* CDVCamera.m */; };
		D8C5291DE10C4A6481600625 /* CDVJpegHeaderWriter.m in Sources */ = {isa = PBXBuildFile; fileRef = 2F3C05FDE9EE4B2F8CD7B42B /* CDVJpegHeaderWriter.m */; };
		CCB58430F08E4AF8B258DFBB /* ImageIO.framework in Frameworks */ = {isa = PBXBuildFile; fileRef = B9F4F58B6C2146F3B12D5DF8 /* ImageIO.framework */; settings = {ATTRIBUTES = (Weak, ); }; };
		A167C1B64E1B4EC2943DF160 /* CoreLocation.framework in Frameworks */ = {isa = PBXBuildFile; fileRef = 86C6F66B0DD841EAAC02131F /* CoreLocation.framework */; };
		DB6D7F3BA6724466921FBA80 /* AVFoundation.framework in Frameworks */ = {isa = PBXBuildFile; fileRef = B41AC18335114933A5DEA31B /* AVFoundation.framework */; };
		0A089E6F844947C987161543 /* CDVDevice.m in Sources */ = {isa = PBXBuildFile; fileRef = 13D7B5106B294D5AAE64CBD4 /* CDVDevice.m */; };
		051E5DED11C54151B497C622 /* libz.tbd in Frameworks */ = {isa = PBXBuildFile; fileRef = D42E1C6F0A084ECB8FC22993 /* libz.tbd */; };
		533BBC49156E4739BA334D3E /* FacebookConnectPlugin.m in Sources */ = {isa = PBXBuildFile; fileRef = BAC6D8DD8EA046BE9779E317 /* FacebookConnectPlugin.m */; };
		CC3EBC4C359E4812A8FBEB44 /* Bolts.framework in Frameworks */ = {isa = PBXBuildFile; fileRef = C847027B8AFF48B3B6A55443 /* Bolts.framework */; };
		CA84D9708291401086577984 /* FBSDKCoreKit.framework in Frameworks */ = {isa = PBXBuildFile; fileRef = 884EE0E507F143168CC78A7B /* FBSDKCoreKit.framework */; };
		2F3D9E7709764917BA5CC9A3 /* FBSDKLoginKit.framework in Frameworks */ = {isa = PBXBuildFile; fileRef = 203EC2B70D6D469DA8536F14 /* FBSDKLoginKit.framework */; };
		DE4F2F8D5B4A4FD3828E3DFD /* FBSDKShareKit.framework in Frameworks */ = {isa = PBXBuildFile; fileRef = 73B3F75A74374884917FD59F /* FBSDKShareKit.framework */; };
		B8005A41779B438BBB6F6FCE /* CDVFileTransfer.m in Sources */ = {isa = PBXBuildFile; fileRef = 49ED2D5B404846C4917D8CA3 /* CDVFileTransfer.m */; };
		A6BFF6381AD643609C432C14 /* CDVInAppBrowser.m in Sources */ = {isa = PBXBuildFile; fileRef = 1CD2F022534347BF8FA41FAE /* CDVInAppBrowser.m */; };
		D82BA199DA174BD691C6FDB1 /* CDVIonicKeyboard.m in Sources */ = {isa = PBXBuildFile; fileRef = 0D9BF64F58B1423198BB0DF4 /* CDVIonicKeyboard.m */; };
		13A528B2F9834DCE8C75CB86 /* CDVWKWebViewEngine.m in Sources */ = {isa = PBXBuildFile; fileRef = BB1E8D15A60844A0B054D41C /* CDVWKWebViewEngine.m */; };
		F333CA89FE574A1EBAE2A8FF /* CDVWKWebViewUIDelegate.m in Sources */ = {isa = PBXBuildFile; fileRef = E6A840B8C0AA44BEBA160F9E /* CDVWKWebViewUIDelegate.m */; };
		BEA32D4D306B424B87ED286A /* CDVWKProcessPoolFactory.m in Sources */ = {isa = PBXBuildFile; fileRef = 5B6FC73D39774A4A8C59BC4A /* CDVWKProcessPoolFactory.m */; };
		C9923EEB678940D682FDD626 /* GCDWebServer.m in Sources */ = {isa = PBXBuildFile; fileRef = EF163372E39342FDA6CD7E5C /* GCDWebServer.m */; };
		07FC3F78C4B4422D8E8F2F2E /* GCDWebServerConnection.m in Sources */ = {isa = PBXBuildFile; fileRef = 66203338D7B6473FBD65B468 /* GCDWebServerConnection.m */; };
		81B849E606864EC8990CA67F /* GCDWebServerFunctions.m in Sources */ = {isa = PBXBuildFile; fileRef = 516E94CDC148403A87FBED4D /* GCDWebServerFunctions.m */; };
		4FB071988D4943039E1BC6CF /* GCDWebServerRequest.m in Sources */ = {isa = PBXBuildFile; fileRef = 43CDD93AF446445DB713A3B5 /* GCDWebServerRequest.m */; };
		9175860F595E44DC9C6B2D45 /* GCDWebServerResponse.m in Sources */ = {isa = PBXBuildFile; fileRef = A9EABADF0FF245ED836D30EB /* GCDWebServerResponse.m */; };
		13B6AF83C5F14B18842A42DF /* GCDWebServerDataRequest.m in Sources */ = {isa = PBXBuildFile; fileRef = 3D0DF9E13D234570919CB332 /* GCDWebServerDataRequest.m */; };
		98AE39EA16374480BECFA871 /* GCDWebServerFileRequest.m in Sources */ = {isa = PBXBuildFile; fileRef = B6E141696D9745E486292124 /* GCDWebServerFileRequest.m */; };
		265A085656134D4C8E8B9318 /* GCDWebServerMultiPartFormRequest.m in Sources */ = {isa = PBXBuildFile; fileRef = 5706FBCD346B4AB6B1F92188 /* GCDWebServerMultiPartFormRequest.m */; };
		B039504A0AF14E019F8A28B2 /* GCDWebServerURLEncodedFormRequest.m in Sources */ = {isa = PBXBuildFile; fileRef = ADEE349C16F24028BB5F4391 /* GCDWebServerURLEncodedFormRequest.m */; };
		70E9CFC74A4344089FE39ABD /* GCDWebServerDataResponse.m in Sources */ = {isa = PBXBuildFile; fileRef = 2CCDFEF0A9484F7AA7D3463D /* GCDWebServerDataResponse.m */; };
		589FBD8409554BA8BAC076A4 /* GCDWebServerErrorResponse.m in Sources */ = {isa = PBXBuildFile; fileRef = 3FAEC815392C44E187FA9678 /* GCDWebServerErrorResponse.m */; };
		BC02D7D065714C649A3ECCB8 /* GCDWebServerFileResponse.m in Sources */ = {isa = PBXBuildFile; fileRef = 1A0B70CE1C1A4780A446A93A /* GCDWebServerFileResponse.m */; };
		4791083CAB264C9F95A6E1D3 /* GCDWebServerStreamedResponse.m in Sources */ = {isa = PBXBuildFile; fileRef = 0E84A25A40D44803841B51D1 /* GCDWebServerStreamedResponse.m */; };
		359FC48B74CE4AB99BA09859 /* WebKit.framework in Frameworks */ = {isa = PBXBuildFile; fileRef = B973F89E59234F34812FAAB0 /* WebKit.framework */; settings = {ATTRIBUTES = (Weak, ); }; };
		5E273B42D8C74DE9A0FBE7D0 /* CDVSplashScreen.m in Sources */ = {isa = PBXBuildFile; fileRef = 0D541F95F47E4EE6A7E74D5B /* CDVSplashScreen.m */; };
		8BCE5546F4134F55ADD91C5E /* CDVViewController+SplashScreen.m in Sources */ = {isa = PBXBuildFile; fileRef = 2CC4B97994364CC69B9DB2C7 /* CDVViewController+SplashScreen.m */; };
		E558ECC941E940BDB04D9CC5 /* SQLitePlugin.m in Sources */ = {isa = PBXBuildFile; fileRef = 0E73E310E0934529885427D5 /* SQLitePlugin.m */; };
		6201660AE2E44FE28A1D1FF9 /* PSPDFThreadSafeMutableDictionary.m in Sources */ = {isa = PBXBuildFile; fileRef = 60430DE9E09C412F8447426A /* PSPDFThreadSafeMutableDictionary.m */; settings = {COMPILER_FLAGS = "-w"; }; };
		CD9D57C3BF95496DB24F5FDB /* sqlite3.c in Resources */ = {isa = PBXBuildFile; fileRef = 3FDF8412F4604CA78FD0A9CF /* sqlite3.c */; settings = {COMPILER_FLAGS = "-w -DSQLITE_THREADSAFE=1 -DSQLITE_DEFAULT_SYNCHRONOUS=3 -DSQLITE_DEFAULT_MEMSTATUS=0 -DSQLITE_OMIT_DECLTYPE -DSQLITE_OMIT_DEPRECATED -DSQLITE_OMIT_PROGRESS_CALLBACK -DSQLITE_OMIT_SHARED_CACHE -DSQLITE_TEMP_STORE=2 -DSQLITE_OMIT_LOAD_EXTENSION -DSQLITE_ENABLE_FTS3 -DSQLITE_ENABLE_FTS3_PARENTHESIS -DSQLITE_ENABLE_FTS4 -DSQLITE_ENABLE_RTREE -DSQLITE_DEFAULT_PAGE_SIZE=1024 -DSQLITE_DEFAULT_CACHE_SIZE=2000"; }; };
		C0A47C12B81E419D925C093C /* Diagnostic.m in Sources */ = {isa = PBXBuildFile; fileRef = 94A630A759E0483F918106CC /* Diagnostic.m */; };
		F7FBEAD62EC244D9BB5EE2B1 /* Diagnostic_Location.m in Sources */ = {isa = PBXBuildFile; fileRef = 3BEE9831210E4485B9CFA28A /* Diagnostic_Location.m */; };
		68969B5D5274403D9451E2BD /* Diagnostic_Bluetooth.m in Sources */ = {isa = PBXBuildFile; fileRef = 87B0BA8FCED14D60A520048E /* Diagnostic_Bluetooth.m */; };
		5BB98F8E89134B75B312D431 /* Diagnostic_Wifi.m in Sources */ = {isa = PBXBuildFile; fileRef = D155B26F09194910B44B6662 /* Diagnostic_Wifi.m */; };
		89D2AA6DF92C4FF0B2F8C7C1 /* Diagnostic_Camera.m in Sources */ = {isa = PBXBuildFile; fileRef = E3AE6C440B9F478A8B0D313B /* Diagnostic_Camera.m */; };
		E1D99AF35FAB45A2B141BEA0 /* Diagnostic_Notifications.m in Sources */ = {isa = PBXBuildFile; fileRef = 440DFA1691F4436682A50811 /* Diagnostic_Notifications.m */; };
		CA936E3EB7DA41498BC75AA5 /* Diagnostic_Microphone.m in Sources */ = {isa = PBXBuildFile; fileRef = 4776AE7C8028473BA6651468 /* Diagnostic_Microphone.m */; };
		2CFF891830B049958B273D85 /* Diagnostic_Contacts.m in Sources */ = {isa = PBXBuildFile; fileRef = 8B6AA78EDEDC4F10A652184D /* Diagnostic_Contacts.m */; };
		8B3B679162A2463199606378 /* Diagnostic_Calendar.m in Sources */ = {isa = PBXBuildFile; fileRef = F429F1C9215546FCB251AA77 /* Diagnostic_Calendar.m */; };
		70E7CFE815CD460890886D78 /* Diagnostic_Reminders.m in Sources */ = {isa = PBXBuildFile; fileRef = 32A63BF2A62D4F87BDDBA5E9 /* Diagnostic_Reminders.m */; };
		DA1D5635E27C49E4B7973912 /* Diagnostic_Motion.m in Sources */ = {isa = PBXBuildFile; fileRef = 1960818DEC924033B6DF9B65 /* Diagnostic_Motion.m */; };
		84015D96D976449A92624574 /* CoreBluetooth.framework in Frameworks */ = {isa = PBXBuildFile; fileRef = 4D9B5B099124418897D38769 /* CoreBluetooth.framework */; };
		3160393924964C2CB1FF7D7A /* Photos.framework in Frameworks */ = {isa = PBXBuildFile; fileRef = 68936A5E383A431CADC0A75B /* Photos.framework */; };
		E4E8B6BBDFDF4C2694735AA3 /* UserNotifications.framework in Frameworks */ = {isa = PBXBuildFile; fileRef = 72FF4CE5E68D4B51B42A40C8 /* UserNotifications.framework */; };
		3921BD9631E543EEADADEAC9 /* Contacts.framework in Frameworks */ = {isa = PBXBuildFile; fileRef = 2265DFB5F521486784C0B0E2 /* Contacts.framework */; };
		CDF0F5C3FF8349678C4F6D4D /* AddressBook.framework in Frameworks */ = {isa = PBXBuildFile; fileRef = A9CE65090A8C46E1BF0CE653 /* AddressBook.framework */; };
		1074FD3E07BB4B60B9333535 /* EventKit.framework in Frameworks */ = {isa = PBXBuildFile; fileRef = DC1AECAFE6FE459B8AD70518 /* EventKit.framework */; };
		195AAB03F4D34C9189893875 /* CoreMotion.framework in Frameworks */ = {isa = PBXBuildFile; fileRef = D393F69FD132444584553C26 /* CoreMotion.framework */; };
/* End PBXBuildFile section */

/* Begin PBXContainerItemProxy section */
		301BF534109A57CC0062928A /* PBXContainerItemProxy */ = {
			isa = PBXContainerItemProxy;
			containerPortal = 301BF52D109A57CC0062928A /* CordovaLib.xcodeproj */;
			proxyType = 2;
			remoteGlobalIDString = D2AAC07E0554694100DB518D;
			remoteInfo = CordovaLib;
		};
		301BF550109A68C00062928A /* PBXContainerItemProxy */ = {
			isa = PBXContainerItemProxy;
			containerPortal = 301BF52D109A57CC0062928A /* CordovaLib.xcodeproj */;
			proxyType = 1;
			remoteGlobalIDString = D2AAC07D0554694100DB518D;
			remoteInfo = CordovaLib;
		};
/* End PBXContainerItemProxy section */

/* Begin PBXFileReference section */
		0207DA571B56EA530066E2B4 /* Images.xcassets */ = {isa = PBXFileReference; lastKnownFileType = folder.assetcatalog; name = Images.xcassets; path = "Just One/Images.xcassets"; sourceTree = SOURCE_ROOT; };
		1D3623240D0F684500981E51 /* AppDelegate.h */ = {isa = PBXFileReference; fileEncoding = 4; lastKnownFileType = sourcecode.c.h; path = AppDelegate.h; sourceTree = "<group>"; };
		1D3623250D0F684500981E51 /* AppDelegate.m */ = {isa = PBXFileReference; fileEncoding = 4; lastKnownFileType = sourcecode.c.objc; path = AppDelegate.m; sourceTree = "<group>"; };
		1D6058910D05DD3D006BFB54 /* Just One.app */ = {isa = PBXFileReference; explicitFileType = wrapper.application; includeInIndex = 0; path = "Just One.app"; sourceTree = BUILT_PRODUCTS_DIR; };
		29B97316FDCFA39411CA2CEA /* main.m */ = {isa = PBXFileReference; fileEncoding = 4; lastKnownFileType = sourcecode.c.objc; path = main.m; sourceTree = "<group>"; };
		301BF52D109A57CC0062928A /* CordovaLib.xcodeproj */ = {isa = PBXFileReference; lastKnownFileType = "wrapper.pb-project"; path = CordovaLib/CordovaLib.xcodeproj; sourceTree = "<group>"; };
		301BF56E109A69640062928A /* www */ = {isa = PBXFileReference; lastKnownFileType = folder; path = www; sourceTree = SOURCE_ROOT; };
		302D95EE14D2391D003F00A1 /* MainViewController.h */ = {isa = PBXFileReference; fileEncoding = 4; lastKnownFileType = sourcecode.c.h; path = MainViewController.h; sourceTree = "<group>"; };
		302D95EF14D2391D003F00A1 /* MainViewController.m */ = {isa = PBXFileReference; fileEncoding = 4; lastKnownFileType = sourcecode.c.objc; path = MainViewController.m; sourceTree = "<group>"; };
		302D95F014D2391D003F00A1 /* MainViewController.xib */ = {isa = PBXFileReference; fileEncoding = 4; lastKnownFileType = file.xib; path = MainViewController.xib; sourceTree = "<group>"; };
		3047A50F1AB8059700498E2A /* build-debug.xcconfig */ = {isa = PBXFileReference; fileEncoding = 4; lastKnownFileType = text.xcconfig; name = "build-debug.xcconfig"; path = cordova/build-debug.xcconfig; sourceTree = SOURCE_ROOT; };
		3047A5101AB8059700498E2A /* build-release.xcconfig */ = {isa = PBXFileReference; fileEncoding = 4; lastKnownFileType = text.xcconfig; name = "build-release.xcconfig"; path = cordova/build-release.xcconfig; sourceTree = SOURCE_ROOT; };
		3047A5111AB8059700498E2A /* build.xcconfig */ = {isa = PBXFileReference; fileEncoding = 4; lastKnownFileType = text.xcconfig; name = build.xcconfig; path = cordova/build.xcconfig; sourceTree = SOURCE_ROOT; };
		32CA4F630368D1EE00C91783 /* Just One-Prefix.pch */ = {isa = PBXFileReference; fileEncoding = 4; lastKnownFileType = sourcecode.c.h; path = "Just One-Prefix.pch"; sourceTree = "<group>"; };
		6AFF5BF81D6E424B00AB3073 /* CDVLaunchScreen.storyboard */ = {isa = PBXFileReference; fileEncoding = 4; lastKnownFileType = file.storyboard; name = CDVLaunchScreen.storyboard; path = "Just One/CDVLaunchScreen.storyboard"; sourceTree = SOURCE_ROOT; };
		8D1107310486CEB800E47090 /* Just One-Info.plist */ = {isa = PBXFileReference; fileEncoding = 4; lastKnownFileType = text.plist.xml; name = "Just One-Info.plist"; path = "Just One/Just One-Info.plist"; plistStructureDefinitionIdentifier = "com.apple.xcode.plist.structure-definition.iphone.info-plist"; sourceTree = SOURCE_ROOT; };
		EB87FDF31871DA8E0020F90C /* www */ = {isa = PBXFileReference; lastKnownFileType = folder; name = www; path = ../../www; sourceTree = "<group>"; };
		EB87FDF41871DAF40020F90C /* config.xml */ = {isa = PBXFileReference; lastKnownFileType = text.xml; name = config.xml; path = ../../config.xml; sourceTree = "<group>"; };
		F840E1F0165FE0F500CFE078 /* config.xml */ = {isa = PBXFileReference; lastKnownFileType = text.xml; name = config.xml; path = "Just One/config.xml"; sourceTree = "<group>"; };
		ED33DF2A687741AEAF9F8254 /* Bridging-Header.h */ = {isa = PBXFileReference; fileEncoding = 4; lastKnownFileType = sourcecode.c.h; name = "Bridging-Header.h"; path = "Bridging-Header.h"; sourceTree = "<group>"; };
		A7BFD780D1E34C30BF100F7E /* CDVClipboard.m */ = {isa = PBXFileReference; name = "CDVClipboard.m"; path = "cordova-universal-clipboard/CDVClipboard.m"; sourceTree = "<group>"; fileEncoding = 4; lastKnownFileType = sourcecode.c.objc; explicitFileType = undefined; includeInIndex = 0; };
		9ABF0DC3E7C54481A0E61B60 /* CDVClipboard.h */ = {isa = PBXFileReference; name = "CDVClipboard.h"; path = "cordova-universal-clipboard/CDVClipboard.h"; sourceTree = "<group>"; fileEncoding = 4; lastKnownFileType = sourcecode.c.h; explicitFileType = undefined; includeInIndex = 0; };
		E1C64BB73FAE4015BDB97C7A /* CDVInstagramPlugin.m */ = {isa = PBXFileReference; name = "CDVInstagramPlugin.m"; path = "cordova-instagram-plugin/CDVInstagramPlugin/CDVInstagramPlugin.m"; sourceTree = "<group>"; fileEncoding = 4; lastKnownFileType = sourcecode.c.objc; explicitFileType = undefined; includeInIndex = 0; };
		650C8D612DDF48E089276EC5 /* CDVInstagramPlugin.h */ = {isa = PBXFileReference; name = "CDVInstagramPlugin.h"; path = "cordova-instagram-plugin/CDVInstagramPlugin/CDVInstagramPlugin.h"; sourceTree = "<group>"; fileEncoding = 4; lastKnownFileType = sourcecode.c.h; explicitFileType = undefined; includeInIndex = 0; };
		57F892EE9FBB4ED5A4FEA3BE /* CDVFile.m */ = {isa = PBXFileReference; name = "CDVFile.m"; path = "cordova-plugin-file/CDVFile.m"; sourceTree = "<group>"; fileEncoding = 4; lastKnownFileType = sourcecode.c.objc; explicitFileType = undefined; includeInIndex = 0; };
		84E4063A6D3E4FD69D5192CD /* CDVLocalFilesystem.m */ = {isa = PBXFileReference; name = "CDVLocalFilesystem.m"; path = "cordova-plugin-file/CDVLocalFilesystem.m"; sourceTree = "<group>"; fileEncoding = 4; lastKnownFileType = sourcecode.c.objc; explicitFileType = undefined; includeInIndex = 0; };
		36B0972620EF4196851B280E /* CDVAssetLibraryFilesystem.m */ = {isa = PBXFileReference; name = "CDVAssetLibraryFilesystem.m"; path = "cordova-plugin-file/CDVAssetLibraryFilesystem.m"; sourceTree = "<group>"; fileEncoding = 4; lastKnownFileType = sourcecode.c.objc; explicitFileType = undefined; includeInIndex = 0; };
		8A594E45EFB24FAD8658BE2F /* CDVFile.h */ = {isa = PBXFileReference; name = "CDVFile.h"; path = "cordova-plugin-file/CDVFile.h"; sourceTree = "<group>"; fileEncoding = 4; lastKnownFileType = sourcecode.c.h; explicitFileType = undefined; includeInIndex = 0; };
		B243AA1B6C41490BA746D12D /* CDVLocalFilesystem.h */ = {isa = PBXFileReference; name = "CDVLocalFilesystem.h"; path = "cordova-plugin-file/CDVLocalFilesystem.h"; sourceTree = "<group>"; fileEncoding = 4; lastKnownFileType = sourcecode.c.h; explicitFileType = undefined; includeInIndex = 0; };
		54BF08544F5B4A48A6F7DD3C /* CDVAssetLibraryFilesystem.h */ = {isa = PBXFileReference; name = "CDVAssetLibraryFilesystem.h"; path = "cordova-plugin-file/CDVAssetLibraryFilesystem.h"; sourceTree = "<group>"; fileEncoding = 4; lastKnownFileType = sourcecode.c.h; explicitFileType = undefined; includeInIndex = 0; };
		470B243BDB7D4D9E861D7C27 /* CordovaHttpPlugin.m */ = {isa = PBXFileReference; name = "CordovaHttpPlugin.m"; path = "cordova-plugin-advanced-http/CordovaHttpPlugin.m"; sourceTree = "<group>"; fileEncoding = 4; lastKnownFileType = sourcecode.c.objc; explicitFileType = undefined; includeInIndex = 0; };
		D06876B3DE4A40C9BA867489 /* TextResponseSerializer.m */ = {isa = PBXFileReference; name = "TextResponseSerializer.m"; path = "cordova-plugin-advanced-http/TextResponseSerializer.m"; sourceTree = "<group>"; fileEncoding = 4; lastKnownFileType = sourcecode.c.objc; explicitFileType = undefined; includeInIndex = 0; };
		C61161C4C8754802944D77CA /* TextRequestSerializer.m */ = {isa = PBXFileReference; name = "TextRequestSerializer.m"; path = "cordova-plugin-advanced-http/TextRequestSerializer.m"; sourceTree = "<group>"; fileEncoding = 4; lastKnownFileType = sourcecode.c.objc; explicitFileType = undefined; includeInIndex = 0; };
		D116D82911DD427D9EF37570 /* AFHTTPSessionManager.m */ = {isa = PBXFileReference; name = "AFHTTPSessionManager.m"; path = "cordova-plugin-advanced-http/AFHTTPSessionManager.m"; sourceTree = "<group>"; fileEncoding = 4; lastKnownFileType = sourcecode.c.objc; explicitFileType = undefined; includeInIndex = 0; };
		7FAD2D9DA1F6458BA33B8A5B /* AFNetworkReachabilityManager.m */ = {isa = PBXFileReference; name = "AFNetworkReachabilityManager.m"; path = "cordova-plugin-advanced-http/AFNetworkReachabilityManager.m"; sourceTree = "<group>"; fileEncoding = 4; lastKnownFileType = sourcecode.c.objc; explicitFileType = undefined; includeInIndex = 0; };
		D4CE03F6E34243AC967AFB8B /* AFSecurityPolicy.m */ = {isa = PBXFileReference; name = "AFSecurityPolicy.m"; path = "cordova-plugin-advanced-http/AFSecurityPolicy.m"; sourceTree = "<group>"; fileEncoding = 4; lastKnownFileType = sourcecode.c.objc; explicitFileType = undefined; includeInIndex = 0; };
		2AF79B255873459F96158E4A /* AFURLRequestSerialization.m */ = {isa = PBXFileReference; name = "AFURLRequestSerialization.m"; path = "cordova-plugin-advanced-http/AFURLRequestSerialization.m"; sourceTree = "<group>"; fileEncoding = 4; lastKnownFileType = sourcecode.c.objc; explicitFileType = undefined; includeInIndex = 0; };
		1B0C1A194D0E4D49940EED3A /* AFURLResponseSerialization.m */ = {isa = PBXFileReference; name = "AFURLResponseSerialization.m"; path = "cordova-plugin-advanced-http/AFURLResponseSerialization.m"; sourceTree = "<group>"; fileEncoding = 4; lastKnownFileType = sourcecode.c.objc; explicitFileType = undefined; includeInIndex = 0; };
		C2A3883A4144423C9A3E255F /* AFURLSessionManager.m */ = {isa = PBXFileReference; name = "AFURLSessionManager.m"; path = "cordova-plugin-advanced-http/AFURLSessionManager.m"; sourceTree = "<group>"; fileEncoding = 4; lastKnownFileType = sourcecode.c.objc; explicitFileType = undefined; includeInIndex = 0; };
		B2B2E31456AB4FEC8DC53396 /* CordovaHttpPlugin.h */ = {isa = PBXFileReference; name = "CordovaHttpPlugin.h"; path = "cordova-plugin-advanced-http/CordovaHttpPlugin.h"; sourceTree = "<group>"; fileEncoding = 4; lastKnownFileType = sourcecode.c.h; explicitFileType = undefined; includeInIndex = 0; };
		A7173474538A4E17B473898A /* TextResponseSerializer.h */ = {isa = PBXFileReference; name = "TextResponseSerializer.h"; path = "cordova-plugin-advanced-http/TextResponseSerializer.h"; sourceTree = "<group>"; fileEncoding = 4; lastKnownFileType = sourcecode.c.h; explicitFileType = undefined; includeInIndex = 0; };
		6D0DB33B0FF74C85A311E800 /* TextRequestSerializer.h */ = {isa = PBXFileReference; name = "TextRequestSerializer.h"; path = "cordova-plugin-advanced-http/TextRequestSerializer.h"; sourceTree = "<group>"; fileEncoding = 4; lastKnownFileType = sourcecode.c.h; explicitFileType = undefined; includeInIndex = 0; };
		83E55FDACEA345EEBE56C50C /* AFHTTPSessionManager.h */ = {isa = PBXFileReference; name = "AFHTTPSessionManager.h"; path = "cordova-plugin-advanced-http/AFHTTPSessionManager.h"; sourceTree = "<group>"; fileEncoding = 4; lastKnownFileType = sourcecode.c.h; explicitFileType = undefined; includeInIndex = 0; };
		8F2B493220D24DF9A5AD32CF /* AFNetworking.h */ = {isa = PBXFileReference; name = "AFNetworking.h"; path = "cordova-plugin-advanced-http/AFNetworking.h"; sourceTree = "<group>"; fileEncoding = 4; lastKnownFileType = sourcecode.c.h; explicitFileType = undefined; includeInIndex = 0; };
		4CF79164FAB040208DFB4E11 /* AFNetworkReachabilityManager.h */ = {isa = PBXFileReference; name = "AFNetworkReachabilityManager.h"; path = "cordova-plugin-advanced-http/AFNetworkReachabilityManager.h"; sourceTree = "<group>"; fileEncoding = 4; lastKnownFileType = sourcecode.c.h; explicitFileType = undefined; includeInIndex = 0; };
		1AEA9488DCA24FD5BE404E4D /* AFSecurityPolicy.h */ = {isa = PBXFileReference; name = "AFSecurityPolicy.h"; path = "cordova-plugin-advanced-http/AFSecurityPolicy.h"; sourceTree = "<group>"; fileEncoding = 4; lastKnownFileType = sourcecode.c.h; explicitFileType = undefined; includeInIndex = 0; };
		32DDF6CDC8A64221A8D938E7 /* AFURLRequestSerialization.h */ = {isa = PBXFileReference; name = "AFURLRequestSerialization.h"; path = "cordova-plugin-advanced-http/AFURLRequestSerialization.h"; sourceTree = "<group>"; fileEncoding = 4; lastKnownFileType = sourcecode.c.h; explicitFileType = undefined; includeInIndex = 0; };
		5604D60792D14D59809FE0DA /* AFURLResponseSerialization.h */ = {isa = PBXFileReference; name = "AFURLResponseSerialization.h"; path = "cordova-plugin-advanced-http/AFURLResponseSerialization.h"; sourceTree = "<group>"; fileEncoding = 4; lastKnownFileType = sourcecode.c.h; explicitFileType = undefined; includeInIndex = 0; };
		9A1ED5671E7E4236B00FF4AB /* AFURLSessionManager.h */ = {isa = PBXFileReference; name = "AFURLSessionManager.h"; path = "cordova-plugin-advanced-http/AFURLSessionManager.h"; sourceTree = "<group>"; fileEncoding = 4; lastKnownFileType = sourcecode.c.h; explicitFileType = undefined; includeInIndex = 0; };
		3DFF41683DD844B6B097B7E5 /* Security.framework */ = {isa = PBXFileReference; name = "Security.framework"; path = "System/Library/Frameworks/Security.framework"; sourceTree = SDKROOT; fileEncoding = undefined; lastKnownFileType = wrapper.framework; explicitFileType = undefined; includeInIndex = 0; };
		D3AE6974EB34434AA77F0DAB /* SystemConfiguration.framework */ = {isa = PBXFileReference; name = "SystemConfiguration.framework"; path = "System/Library/Frameworks/SystemConfiguration.framework"; sourceTree = SDKROOT; fileEncoding = undefined; lastKnownFileType = wrapper.framework; explicitFileType = undefined; includeInIndex = 0; };
		BDFF1A77E9D34AD0B0B64A98 /* UIImage+CropScaleOrientation.m */ = {isa = PBXFileReference; name = "UIImage+CropScaleOrientation.m"; path = "cordova-plugin-camera/UIImage+CropScaleOrientation.m"; sourceTree = "<group>"; fileEncoding = 4; lastKnownFileType = sourcecode.c.objc; explicitFileType = undefined; includeInIndex = 0; };
		057BC1F677CE47C7ABAE1928 /* CDVCamera.m */ = {isa = PBXFileReference; name = "CDVCamera.m"; path = "cordova-plugin-camera/CDVCamera.m"; sourceTree = "<group>"; fileEncoding = 4; lastKnownFileType = sourcecode.c.objc; explicitFileType = undefined; includeInIndex = 0; };
		2F3C05FDE9EE4B2F8CD7B42B /* CDVJpegHeaderWriter.m */ = {isa = PBXFileReference; name = "CDVJpegHeaderWriter.m"; path = "cordova-plugin-camera/CDVJpegHeaderWriter.m"; sourceTree = "<group>"; fileEncoding = 4; lastKnownFileType = sourcecode.c.objc; explicitFileType = undefined; includeInIndex = 0; };
		0EB4C9869D4541BABDD2B5CE /* UIImage+CropScaleOrientation.h */ = {isa = PBXFileReference; name = "UIImage+CropScaleOrientation.h"; path = "cordova-plugin-camera/UIImage+CropScaleOrientation.h"; sourceTree = "<group>"; fileEncoding = 4; lastKnownFileType = sourcecode.c.h; explicitFileType = undefined; includeInIndex = 0; };
		A5777F9672D24A59B546F7E4 /* CDVCamera.h */ = {isa = PBXFileReference; name = "CDVCamera.h"; path = "cordova-plugin-camera/CDVCamera.h"; sourceTree = "<group>"; fileEncoding = 4; lastKnownFileType = sourcecode.c.h; explicitFileType = undefined; includeInIndex = 0; };
		6645A6C152E2435F84188D67 /* CDVJpegHeaderWriter.h */ = {isa = PBXFileReference; name = "CDVJpegHeaderWriter.h"; path = "cordova-plugin-camera/CDVJpegHeaderWriter.h"; sourceTree = "<group>"; fileEncoding = 4; lastKnownFileType = sourcecode.c.h; explicitFileType = undefined; includeInIndex = 0; };
		48E57ED6DD9049DE9650549C /* CDVExif.h */ = {isa = PBXFileReference; name = "CDVExif.h"; path = "cordova-plugin-camera/CDVExif.h"; sourceTree = "<group>"; fileEncoding = 4; lastKnownFileType = sourcecode.c.h; explicitFileType = undefined; includeInIndex = 0; };
		B9F4F58B6C2146F3B12D5DF8 /* ImageIO.framework */ = {isa = PBXFileReference; name = "ImageIO.framework"; path = "System/Library/Frameworks/ImageIO.framework"; sourceTree = SDKROOT; fileEncoding = undefined; lastKnownFileType = wrapper.framework; explicitFileType = undefined; includeInIndex = 0; };
		86C6F66B0DD841EAAC02131F /* CoreLocation.framework */ = {isa = PBXFileReference; name = "CoreLocation.framework"; path = "System/Library/Frameworks/CoreLocation.framework"; sourceTree = SDKROOT; fileEncoding = undefined; lastKnownFileType = wrapper.framework; explicitFileType = undefined; includeInIndex = 0; };
		B41AC18335114933A5DEA31B /* AVFoundation.framework */ = {isa = PBXFileReference; name = "AVFoundation.framework"; path = "System/Library/Frameworks/AVFoundation.framework"; sourceTree = SDKROOT; fileEncoding = undefined; lastKnownFileType = wrapper.framework; explicitFileType = undefined; includeInIndex = 0; };
		13D7B5106B294D5AAE64CBD4 /* CDVDevice.m */ = {isa = PBXFileReference; name = "CDVDevice.m"; path = "cordova-plugin-device/CDVDevice.m"; sourceTree = "<group>"; fileEncoding = 4; lastKnownFileType = sourcecode.c.objc; explicitFileType = undefined; includeInIndex = 0; };
		AE38B41C828A430F9F12B4E5 /* CDVDevice.h */ = {isa = PBXFileReference; name = "CDVDevice.h"; path = "cordova-plugin-device/CDVDevice.h"; sourceTree = "<group>"; fileEncoding = 4; lastKnownFileType = sourcecode.c.h; explicitFileType = undefined; includeInIndex = 0; };
		D42E1C6F0A084ECB8FC22993 /* libz.tbd */ = {isa = PBXFileReference; name = "libz.tbd"; path = "usr/lib/libz.tbd"; sourceTree = SDKROOT; fileEncoding = undefined; lastKnownFileType = sourcecode.text-based-dylib-definition; explicitFileType = undefined; includeInIndex = 0; };
		BAC6D8DD8EA046BE9779E317 /* FacebookConnectPlugin.m */ = {isa = PBXFileReference; name = "FacebookConnectPlugin.m"; path = "cordova-plugin-facebook4/FacebookConnectPlugin.m"; sourceTree = "<group>"; fileEncoding = 4; lastKnownFileType = sourcecode.c.objc; explicitFileType = undefined; includeInIndex = 0; };
		A170A9F5C43649EFB3DFE71B /* FacebookConnectPlugin.h */ = {isa = PBXFileReference; name = "FacebookConnectPlugin.h"; path = "cordova-plugin-facebook4/FacebookConnectPlugin.h"; sourceTree = "<group>"; fileEncoding = 4; lastKnownFileType = sourcecode.c.h; explicitFileType = undefined; includeInIndex = 0; };
		C847027B8AFF48B3B6A55443 /* Bolts.framework */ = {isa = PBXFileReference; name = "Bolts.framework"; path = "Just One/Plugins/cordova-plugin-facebook4/Bolts.framework"; sourceTree = "<group>"; fileEncoding = undefined; lastKnownFileType = wrapper.framework; explicitFileType = undefined; includeInIndex = 0; };
		884EE0E507F143168CC78A7B /* FBSDKCoreKit.framework */ = {isa = PBXFileReference; name = "FBSDKCoreKit.framework"; path = "Just One/Plugins/cordova-plugin-facebook4/FBSDKCoreKit.framework"; sourceTree = "<group>"; fileEncoding = undefined; lastKnownFileType = wrapper.framework; explicitFileType = undefined; includeInIndex = 0; };
		203EC2B70D6D469DA8536F14 /* FBSDKLoginKit.framework */ = {isa = PBXFileReference; name = "FBSDKLoginKit.framework"; path = "Just One/Plugins/cordova-plugin-facebook4/FBSDKLoginKit.framework"; sourceTree = "<group>"; fileEncoding = undefined; lastKnownFileType = wrapper.framework; explicitFileType = undefined; includeInIndex = 0; };
		73B3F75A74374884917FD59F /* FBSDKShareKit.framework */ = {isa = PBXFileReference; name = "FBSDKShareKit.framework"; path = "Just One/Plugins/cordova-plugin-facebook4/FBSDKShareKit.framework"; sourceTree = "<group>"; fileEncoding = undefined; lastKnownFileType = wrapper.framework; explicitFileType = undefined; includeInIndex = 0; };
		49ED2D5B404846C4917D8CA3 /* CDVFileTransfer.m */ = {isa = PBXFileReference; name = "CDVFileTransfer.m"; path = "cordova-plugin-file-transfer/CDVFileTransfer.m"; sourceTree = "<group>"; fileEncoding = 4; lastKnownFileType = sourcecode.c.objc; explicitFileType = undefined; includeInIndex = 0; };
		38F67B10AB5F48B2B49BEBC3 /* CDVFileTransfer.h */ = {isa = PBXFileReference; name = "CDVFileTransfer.h"; path = "cordova-plugin-file-transfer/CDVFileTransfer.h"; sourceTree = "<group>"; fileEncoding = 4; lastKnownFileType = sourcecode.c.h; explicitFileType = undefined; includeInIndex = 0; };
		1CD2F022534347BF8FA41FAE /* CDVInAppBrowser.m */ = {isa = PBXFileReference; name = "CDVInAppBrowser.m"; path = "cordova-plugin-inappbrowser/CDVInAppBrowser.m"; sourceTree = "<group>"; fileEncoding = 4; lastKnownFileType = sourcecode.c.objc; explicitFileType = undefined; includeInIndex = 0; };
		AD0437B103CF4F55AB1A26E4 /* CDVInAppBrowser.h */ = {isa = PBXFileReference; name = "CDVInAppBrowser.h"; path = "cordova-plugin-inappbrowser/CDVInAppBrowser.h"; sourceTree = "<group>"; fileEncoding = 4; lastKnownFileType = sourcecode.c.h; explicitFileType = undefined; includeInIndex = 0; };
		0D9BF64F58B1423198BB0DF4 /* CDVIonicKeyboard.m */ = {isa = PBXFileReference; name = "CDVIonicKeyboard.m"; path = "cordova-plugin-ionic-keyboard/CDVIonicKeyboard.m"; sourceTree = "<group>"; fileEncoding = 4; lastKnownFileType = sourcecode.c.objc; explicitFileType = undefined; includeInIndex = 0; };
		A9E5E6E2DC5C401D99B12CCC /* CDVIonicKeyboard.h */ = {isa = PBXFileReference; name = "CDVIonicKeyboard.h"; path = "cordova-plugin-ionic-keyboard/CDVIonicKeyboard.h"; sourceTree = "<group>"; fileEncoding = 4; lastKnownFileType = sourcecode.c.h; explicitFileType = undefined; includeInIndex = 0; };
		BB1E8D15A60844A0B054D41C /* CDVWKWebViewEngine.m */ = {isa = PBXFileReference; name = "CDVWKWebViewEngine.m"; path = "cordova-plugin-ionic-webview/CDVWKWebViewEngine.m"; sourceTree = "<group>"; fileEncoding = 4; lastKnownFileType = sourcecode.c.objc; explicitFileType = undefined; includeInIndex = 0; };
		E6A840B8C0AA44BEBA160F9E /* CDVWKWebViewUIDelegate.m */ = {isa = PBXFileReference; name = "CDVWKWebViewUIDelegate.m"; path = "cordova-plugin-ionic-webview/CDVWKWebViewUIDelegate.m"; sourceTree = "<group>"; fileEncoding = 4; lastKnownFileType = sourcecode.c.objc; explicitFileType = undefined; includeInIndex = 0; };
		5B6FC73D39774A4A8C59BC4A /* CDVWKProcessPoolFactory.m */ = {isa = PBXFileReference; name = "CDVWKProcessPoolFactory.m"; path = "cordova-plugin-ionic-webview/CDVWKProcessPoolFactory.m"; sourceTree = "<group>"; fileEncoding = 4; lastKnownFileType = sourcecode.c.objc; explicitFileType = undefined; includeInIndex = 0; };
		EF163372E39342FDA6CD7E5C /* GCDWebServer.m */ = {isa = PBXFileReference; name = "GCDWebServer.m"; path = "cordova-plugin-ionic-webview/GCDWebServer.m"; sourceTree = "<group>"; fileEncoding = 4; lastKnownFileType = sourcecode.c.objc; explicitFileType = undefined; includeInIndex = 0; };
		66203338D7B6473FBD65B468 /* GCDWebServerConnection.m */ = {isa = PBXFileReference; name = "GCDWebServerConnection.m"; path = "cordova-plugin-ionic-webview/GCDWebServerConnection.m"; sourceTree = "<group>"; fileEncoding = 4; lastKnownFileType = sourcecode.c.objc; explicitFileType = undefined; includeInIndex = 0; };
		516E94CDC148403A87FBED4D /* GCDWebServerFunctions.m */ = {isa = PBXFileReference; name = "GCDWebServerFunctions.m"; path = "cordova-plugin-ionic-webview/GCDWebServerFunctions.m"; sourceTree = "<group>"; fileEncoding = 4; lastKnownFileType = sourcecode.c.objc; explicitFileType = undefined; includeInIndex = 0; };
		43CDD93AF446445DB713A3B5 /* GCDWebServerRequest.m */ = {isa = PBXFileReference; name = "GCDWebServerRequest.m"; path = "cordova-plugin-ionic-webview/GCDWebServerRequest.m"; sourceTree = "<group>"; fileEncoding = 4; lastKnownFileType = sourcecode.c.objc; explicitFileType = undefined; includeInIndex = 0; };
		A9EABADF0FF245ED836D30EB /* GCDWebServerResponse.m */ = {isa = PBXFileReference; name = "GCDWebServerResponse.m"; path = "cordova-plugin-ionic-webview/GCDWebServerResponse.m"; sourceTree = "<group>"; fileEncoding = 4; lastKnownFileType = sourcecode.c.objc; explicitFileType = undefined; includeInIndex = 0; };
		3D0DF9E13D234570919CB332 /* GCDWebServerDataRequest.m */ = {isa = PBXFileReference; name = "GCDWebServerDataRequest.m"; path = "cordova-plugin-ionic-webview/GCDWebServerDataRequest.m"; sourceTree = "<group>"; fileEncoding = 4; lastKnownFileType = sourcecode.c.objc; explicitFileType = undefined; includeInIndex = 0; };
		B6E141696D9745E486292124 /* GCDWebServerFileRequest.m */ = {isa = PBXFileReference; name = "GCDWebServerFileRequest.m"; path = "cordova-plugin-ionic-webview/GCDWebServerFileRequest.m"; sourceTree = "<group>"; fileEncoding = 4; lastKnownFileType = sourcecode.c.objc; explicitFileType = undefined; includeInIndex = 0; };
		5706FBCD346B4AB6B1F92188 /* GCDWebServerMultiPartFormRequest.m */ = {isa = PBXFileReference; name = "GCDWebServerMultiPartFormRequest.m"; path = "cordova-plugin-ionic-webview/GCDWebServerMultiPartFormRequest.m"; sourceTree = "<group>"; fileEncoding = 4; lastKnownFileType = sourcecode.c.objc; explicitFileType = undefined; includeInIndex = 0; };
		ADEE349C16F24028BB5F4391 /* GCDWebServerURLEncodedFormRequest.m */ = {isa = PBXFileReference; name = "GCDWebServerURLEncodedFormRequest.m"; path = "cordova-plugin-ionic-webview/GCDWebServerURLEncodedFormRequest.m"; sourceTree = "<group>"; fileEncoding = 4; lastKnownFileType = sourcecode.c.objc; explicitFileType = undefined; includeInIndex = 0; };
		2CCDFEF0A9484F7AA7D3463D /* GCDWebServerDataResponse.m */ = {isa = PBXFileReference; name = "GCDWebServerDataResponse.m"; path = "cordova-plugin-ionic-webview/GCDWebServerDataResponse.m"; sourceTree = "<group>"; fileEncoding = 4; lastKnownFileType = sourcecode.c.objc; explicitFileType = undefined; includeInIndex = 0; };
		3FAEC815392C44E187FA9678 /* GCDWebServerErrorResponse.m */ = {isa = PBXFileReference; name = "GCDWebServerErrorResponse.m"; path = "cordova-plugin-ionic-webview/GCDWebServerErrorResponse.m"; sourceTree = "<group>"; fileEncoding = 4; lastKnownFileType = sourcecode.c.objc; explicitFileType = undefined; includeInIndex = 0; };
		1A0B70CE1C1A4780A446A93A /* GCDWebServerFileResponse.m */ = {isa = PBXFileReference; name = "GCDWebServerFileResponse.m"; path = "cordova-plugin-ionic-webview/GCDWebServerFileResponse.m"; sourceTree = "<group>"; fileEncoding = 4; lastKnownFileType = sourcecode.c.objc; explicitFileType = undefined; includeInIndex = 0; };
		0E84A25A40D44803841B51D1 /* GCDWebServerStreamedResponse.m */ = {isa = PBXFileReference; name = "GCDWebServerStreamedResponse.m"; path = "cordova-plugin-ionic-webview/GCDWebServerStreamedResponse.m"; sourceTree = "<group>"; fileEncoding = 4; lastKnownFileType = sourcecode.c.objc; explicitFileType = undefined; includeInIndex = 0; };
		8E339D5893FD4827AAF296D7 /* CDVWKWebViewEngine.h */ = {isa = PBXFileReference; name = "CDVWKWebViewEngine.h"; path = "cordova-plugin-ionic-webview/CDVWKWebViewEngine.h"; sourceTree = "<group>"; fileEncoding = 4; lastKnownFileType = sourcecode.c.h; explicitFileType = undefined; includeInIndex = 0; };
		465B2261165F4418B04EE3F4 /* CDVWKWebViewUIDelegate.h */ = {isa = PBXFileReference; name = "CDVWKWebViewUIDelegate.h"; path = "cordova-plugin-ionic-webview/CDVWKWebViewUIDelegate.h"; sourceTree = "<group>"; fileEncoding = 4; lastKnownFileType = sourcecode.c.h; explicitFileType = undefined; includeInIndex = 0; };
		647BDFD3D8534C8BA5C05D58 /* CDVWKProcessPoolFactory.h */ = {isa = PBXFileReference; name = "CDVWKProcessPoolFactory.h"; path = "cordova-plugin-ionic-webview/CDVWKProcessPoolFactory.h"; sourceTree = "<group>"; fileEncoding = 4; lastKnownFileType = sourcecode.c.h; explicitFileType = undefined; includeInIndex = 0; };
		9C6DB445F6524C54A0CE67C7 /* GCDWebServer.h */ = {isa = PBXFileReference; name = "GCDWebServer.h"; path = "cordova-plugin-ionic-webview/GCDWebServer.h"; sourceTree = "<group>"; fileEncoding = 4; lastKnownFileType = sourcecode.c.h; explicitFileType = undefined; includeInIndex = 0; };
		FB8BA2BF7F20495B89F70E2F /* GCDWebServerConnection.h */ = {isa = PBXFileReference; name = "GCDWebServerConnection.h"; path = "cordova-plugin-ionic-webview/GCDWebServerConnection.h"; sourceTree = "<group>"; fileEncoding = 4; lastKnownFileType = sourcecode.c.h; explicitFileType = undefined; includeInIndex = 0; };
		B675F4711B514806851E2F0B /* GCDWebServerFunctions.h */ = {isa = PBXFileReference; name = "GCDWebServerFunctions.h"; path = "cordova-plugin-ionic-webview/GCDWebServerFunctions.h"; sourceTree = "<group>"; fileEncoding = 4; lastKnownFileType = sourcecode.c.h; explicitFileType = undefined; includeInIndex = 0; };
		B0F16E28F5A94DFFA6C4E520 /* GCDWebServerHTTPStatusCodes.h */ = {isa = PBXFileReference; name = "GCDWebServerHTTPStatusCodes.h"; path = "cordova-plugin-ionic-webview/GCDWebServerHTTPStatusCodes.h"; sourceTree = "<group>"; fileEncoding = 4; lastKnownFileType = sourcecode.c.h; explicitFileType = undefined; includeInIndex = 0; };
		8F48471D18F64A7283C2B6E0 /* GCDWebServerPrivate.h */ = {isa = PBXFileReference; name = "GCDWebServerPrivate.h"; path = "cordova-plugin-ionic-webview/GCDWebServerPrivate.h"; sourceTree = "<group>"; fileEncoding = 4; lastKnownFileType = sourcecode.c.h; explicitFileType = undefined; includeInIndex = 0; };
		DF313430D7744035A2630E89 /* GCDWebServerRequest.h */ = {isa = PBXFileReference; name = "GCDWebServerRequest.h"; path = "cordova-plugin-ionic-webview/GCDWebServerRequest.h"; sourceTree = "<group>"; fileEncoding = 4; lastKnownFileType = sourcecode.c.h; explicitFileType = undefined; includeInIndex = 0; };
		B6CB566E21AC460E90CECB48 /* GCDWebServerResponse.h */ = {isa = PBXFileReference; name = "GCDWebServerResponse.h"; path = "cordova-plugin-ionic-webview/GCDWebServerResponse.h"; sourceTree = "<group>"; fileEncoding = 4; lastKnownFileType = sourcecode.c.h; explicitFileType = undefined; includeInIndex = 0; };
		0AB968D547C04BF1A2D1C285 /* GCDWebServerDataRequest.h */ = {isa = PBXFileReference; name = "GCDWebServerDataRequest.h"; path = "cordova-plugin-ionic-webview/GCDWebServerDataRequest.h"; sourceTree = "<group>"; fileEncoding = 4; lastKnownFileType = sourcecode.c.h; explicitFileType = undefined; includeInIndex = 0; };
		B32842E4D846403D8169F6FD /* GCDWebServerFileRequest.h */ = {isa = PBXFileReference; name = "GCDWebServerFileRequest.h"; path = "cordova-plugin-ionic-webview/GCDWebServerFileRequest.h"; sourceTree = "<group>"; fileEncoding = 4; lastKnownFileType = sourcecode.c.h; explicitFileType = undefined; includeInIndex = 0; };
		CB324615D8E647E594313C20 /* GCDWebServerMultiPartFormRequest.h */ = {isa = PBXFileReference; name = "GCDWebServerMultiPartFormRequest.h"; path = "cordova-plugin-ionic-webview/GCDWebServerMultiPartFormRequest.h"; sourceTree = "<group>"; fileEncoding = 4; lastKnownFileType = sourcecode.c.h; explicitFileType = undefined; includeInIndex = 0; };
		2F68C85E29AF4EEDAD292E2A /* GCDWebServerURLEncodedFormRequest.h */ = {isa = PBXFileReference; name = "GCDWebServerURLEncodedFormRequest.h"; path = "cordova-plugin-ionic-webview/GCDWebServerURLEncodedFormRequest.h"; sourceTree = "<group>"; fileEncoding = 4; lastKnownFileType = sourcecode.c.h; explicitFileType = undefined; includeInIndex = 0; };
		D404F1FDBE45444880446A57 /* GCDWebServerDataResponse.h */ = {isa = PBXFileReference; name = "GCDWebServerDataResponse.h"; path = "cordova-plugin-ionic-webview/GCDWebServerDataResponse.h"; sourceTree = "<group>"; fileEncoding = 4; lastKnownFileType = sourcecode.c.h; explicitFileType = undefined; includeInIndex = 0; };
		C7B109E388454A9EBB7FF9DD /* GCDWebServerErrorResponse.h */ = {isa = PBXFileReference; name = "GCDWebServerErrorResponse.h"; path = "cordova-plugin-ionic-webview/GCDWebServerErrorResponse.h"; sourceTree = "<group>"; fileEncoding = 4; lastKnownFileType = sourcecode.c.h; explicitFileType = undefined; includeInIndex = 0; };
		A36CB07B5EFC49198795909B /* GCDWebServerFileResponse.h */ = {isa = PBXFileReference; name = "GCDWebServerFileResponse.h"; path = "cordova-plugin-ionic-webview/GCDWebServerFileResponse.h"; sourceTree = "<group>"; fileEncoding = 4; lastKnownFileType = sourcecode.c.h; explicitFileType = undefined; includeInIndex = 0; };
		905C7261956D4DB182DFBF48 /* GCDWebServerStreamedResponse.h */ = {isa = PBXFileReference; name = "GCDWebServerStreamedResponse.h"; path = "cordova-plugin-ionic-webview/GCDWebServerStreamedResponse.h"; sourceTree = "<group>"; fileEncoding = 4; lastKnownFileType = sourcecode.c.h; explicitFileType = undefined; includeInIndex = 0; };
		B973F89E59234F34812FAAB0 /* WebKit.framework */ = {isa = PBXFileReference; name = "WebKit.framework"; path = "System/Library/Frameworks/WebKit.framework"; sourceTree = SDKROOT; fileEncoding = undefined; lastKnownFileType = wrapper.framework; explicitFileType = undefined; includeInIndex = 0; };
		0D541F95F47E4EE6A7E74D5B /* CDVSplashScreen.m */ = {isa = PBXFileReference; name = "CDVSplashScreen.m"; path = "cordova-plugin-splashscreen/CDVSplashScreen.m"; sourceTree = "<group>"; fileEncoding = 4; lastKnownFileType = sourcecode.c.objc; explicitFileType = undefined; includeInIndex = 0; };
		2CC4B97994364CC69B9DB2C7 /* CDVViewController+SplashScreen.m */ = {isa = PBXFileReference; name = "CDVViewController+SplashScreen.m"; path = "cordova-plugin-splashscreen/CDVViewController+SplashScreen.m"; sourceTree = "<group>"; fileEncoding = 4; lastKnownFileType = sourcecode.c.objc; explicitFileType = undefined; includeInIndex = 0; };
		A6BEFE71B47C49DB9F492B68 /* CDVSplashScreen.h */ = {isa = PBXFileReference; name = "CDVSplashScreen.h"; path = "cordova-plugin-splashscreen/CDVSplashScreen.h"; sourceTree = "<group>"; fileEncoding = 4; lastKnownFileType = sourcecode.c.h; explicitFileType = undefined; includeInIndex = 0; };
		3417B0E8B01D490BA6610D0D /* CDVViewController+SplashScreen.h */ = {isa = PBXFileReference; name = "CDVViewController+SplashScreen.h"; path = "cordova-plugin-splashscreen/CDVViewController+SplashScreen.h"; sourceTree = "<group>"; fileEncoding = 4; lastKnownFileType = sourcecode.c.h; explicitFileType = undefined; includeInIndex = 0; };
		0E73E310E0934529885427D5 /* SQLitePlugin.m */ = {isa = PBXFileReference; name = "SQLitePlugin.m"; path = "cordova-sqlite-storage/SQLitePlugin.m"; sourceTree = "<group>"; fileEncoding = 4; lastKnownFileType = sourcecode.c.objc; explicitFileType = undefined; includeInIndex = 0; };
		60430DE9E09C412F8447426A /* PSPDFThreadSafeMutableDictionary.m */ = {isa = PBXFileReference; name = "PSPDFThreadSafeMutableDictionary.m"; path = "cordova-sqlite-storage/PSPDFThreadSafeMutableDictionary.m"; sourceTree = "<group>"; fileEncoding = 4; lastKnownFileType = sourcecode.c.objc; explicitFileType = undefined; includeInIndex = 0; };
		3FDF8412F4604CA78FD0A9CF /* sqlite3.c */ = {isa = PBXFileReference; name = "sqlite3.c"; path = "cordova-sqlite-storage/sqlite3.c"; sourceTree = "<group>"; fileEncoding = undefined; lastKnownFileType = unknown; explicitFileType = undefined; includeInIndex = 0; };
		7FDC90B6A0AB47F4B08CEE1B /* SQLitePlugin.h */ = {isa = PBXFileReference; name = "SQLitePlugin.h"; path = "cordova-sqlite-storage/SQLitePlugin.h"; sourceTree = "<group>"; fileEncoding = 4; lastKnownFileType = sourcecode.c.h; explicitFileType = undefined; includeInIndex = 0; };
		4C32EF84891B4273AEA8032E /* PSPDFThreadSafeMutableDictionary.h */ = {isa = PBXFileReference; name = "PSPDFThreadSafeMutableDictionary.h"; path = "cordova-sqlite-storage/PSPDFThreadSafeMutableDictionary.h"; sourceTree = "<group>"; fileEncoding = 4; lastKnownFileType = sourcecode.c.h; explicitFileType = undefined; includeInIndex = 0; };
		EA70D5E3A8E943B0BCE23E07 /* sqlite3.h */ = {isa = PBXFileReference; name = "sqlite3.h"; path = "cordova-sqlite-storage/sqlite3.h"; sourceTree = "<group>"; fileEncoding = 4; lastKnownFileType = sourcecode.c.h; explicitFileType = undefined; includeInIndex = 0; };
		94A630A759E0483F918106CC /* Diagnostic.m */ = {isa = PBXFileReference; name = "Diagnostic.m"; path = "cordova.plugins.diagnostic/Diagnostic.m"; sourceTree = "<group>"; fileEncoding = 4; lastKnownFileType = sourcecode.c.objc; explicitFileType = undefined; includeInIndex = 0; };
		3BEE9831210E4485B9CFA28A /* Diagnostic_Location.m */ = {isa = PBXFileReference; name = "Diagnostic_Location.m"; path = "cordova.plugins.diagnostic/Diagnostic_Location.m"; sourceTree = "<group>"; fileEncoding = 4; lastKnownFileType = sourcecode.c.objc; explicitFileType = undefined; includeInIndex = 0; };
		87B0BA8FCED14D60A520048E /* Diagnostic_Bluetooth.m */ = {isa = PBXFileReference; name = "Diagnostic_Bluetooth.m"; path = "cordova.plugins.diagnostic/Diagnostic_Bluetooth.m"; sourceTree = "<group>"; fileEncoding = 4; lastKnownFileType = sourcecode.c.objc; explicitFileType = undefined; includeInIndex = 0; };
		D155B26F09194910B44B6662 /* Diagnostic_Wifi.m */ = {isa = PBXFileReference; name = "Diagnostic_Wifi.m"; path = "cordova.plugins.diagnostic/Diagnostic_Wifi.m"; sourceTree = "<group>"; fileEncoding = 4; lastKnownFileType = sourcecode.c.objc; explicitFileType = undefined; includeInIndex = 0; };
		E3AE6C440B9F478A8B0D313B /* Diagnostic_Camera.m */ = {isa = PBXFileReference; name = "Diagnostic_Camera.m"; path = "cordova.plugins.diagnostic/Diagnostic_Camera.m"; sourceTree = "<group>"; fileEncoding = 4; lastKnownFileType = sourcecode.c.objc; explicitFileType = undefined; includeInIndex = 0; };
		440DFA1691F4436682A50811 /* Diagnostic_Notifications.m */ = {isa = PBXFileReference; name = "Diagnostic_Notifications.m"; path = "cordova.plugins.diagnostic/Diagnostic_Notifications.m"; sourceTree = "<group>"; fileEncoding = 4; lastKnownFileType = sourcecode.c.objc; explicitFileType = undefined; includeInIndex = 0; };
		4776AE7C8028473BA6651468 /* Diagnostic_Microphone.m */ = {isa = PBXFileReference; name = "Diagnostic_Microphone.m"; path = "cordova.plugins.diagnostic/Diagnostic_Microphone.m"; sourceTree = "<group>"; fileEncoding = 4; lastKnownFileType = sourcecode.c.objc; explicitFileType = undefined; includeInIndex = 0; };
		8B6AA78EDEDC4F10A652184D /* Diagnostic_Contacts.m */ = {isa = PBXFileReference; name = "Diagnostic_Contacts.m"; path = "cordova.plugins.diagnostic/Diagnostic_Contacts.m"; sourceTree = "<group>"; fileEncoding = 4; lastKnownFileType = sourcecode.c.objc; explicitFileType = undefined; includeInIndex = 0; };
		F429F1C9215546FCB251AA77 /* Diagnostic_Calendar.m */ = {isa = PBXFileReference; name = "Diagnostic_Calendar.m"; path = "cordova.plugins.diagnostic/Diagnostic_Calendar.m"; sourceTree = "<group>"; fileEncoding = 4; lastKnownFileType = sourcecode.c.objc; explicitFileType = undefined; includeInIndex = 0; };
		32A63BF2A62D4F87BDDBA5E9 /* Diagnostic_Reminders.m */ = {isa = PBXFileReference; name = "Diagnostic_Reminders.m"; path = "cordova.plugins.diagnostic/Diagnostic_Reminders.m"; sourceTree = "<group>"; fileEncoding = 4; lastKnownFileType = sourcecode.c.objc; explicitFileType = undefined; includeInIndex = 0; };
		1960818DEC924033B6DF9B65 /* Diagnostic_Motion.m */ = {isa = PBXFileReference; name = "Diagnostic_Motion.m"; path = "cordova.plugins.diagnostic/Diagnostic_Motion.m"; sourceTree = "<group>"; fileEncoding = 4; lastKnownFileType = sourcecode.c.objc; explicitFileType = undefined; includeInIndex = 0; };
		3A375FBA5DC4471B8F81B494 /* Diagnostic.h */ = {isa = PBXFileReference; name = "Diagnostic.h"; path = "cordova.plugins.diagnostic/Diagnostic.h"; sourceTree = "<group>"; fileEncoding = 4; lastKnownFileType = sourcecode.c.h; explicitFileType = undefined; includeInIndex = 0; };
		82E67DF662EE4F92A7D0F91E /* Diagnostic_Location.h */ = {isa = PBXFileReference; name = "Diagnostic_Location.h"; path = "cordova.plugins.diagnostic/Diagnostic_Location.h"; sourceTree = "<group>"; fileEncoding = 4; lastKnownFileType = sourcecode.c.h; explicitFileType = undefined; includeInIndex = 0; };
		4660CF546DCE4C5CB25D821C /* Diagnostic_Bluetooth.h */ = {isa = PBXFileReference; name = "Diagnostic_Bluetooth.h"; path = "cordova.plugins.diagnostic/Diagnostic_Bluetooth.h"; sourceTree = "<group>"; fileEncoding = 4; lastKnownFileType = sourcecode.c.h; explicitFileType = undefined; includeInIndex = 0; };
		BA32A3113DDF40EE853994BF /* Diagnostic_Wifi.h */ = {isa = PBXFileReference; name = "Diagnostic_Wifi.h"; path = "cordova.plugins.diagnostic/Diagnostic_Wifi.h"; sourceTree = "<group>"; fileEncoding = 4; lastKnownFileType = sourcecode.c.h; explicitFileType = undefined; includeInIndex = 0; };
		2F50B40193AF4ADFB4D7E18C /* Diagnostic_Camera.h */ = {isa = PBXFileReference; name = "Diagnostic_Camera.h"; path = "cordova.plugins.diagnostic/Diagnostic_Camera.h"; sourceTree = "<group>"; fileEncoding = 4; lastKnownFileType = sourcecode.c.h; explicitFileType = undefined; includeInIndex = 0; };
		F7B58A07C9ED4D2481A330B4 /* Diagnostic_Notifications.h */ = {isa = PBXFileReference; name = "Diagnostic_Notifications.h"; path = "cordova.plugins.diagnostic/Diagnostic_Notifications.h"; sourceTree = "<group>"; fileEncoding = 4; lastKnownFileType = sourcecode.c.h; explicitFileType = undefined; includeInIndex = 0; };
		0FDB4C8D960F42998ECE2AF3 /* Diagnostic_Microphone.h */ = {isa = PBXFileReference; name = "Diagnostic_Microphone.h"; path = "cordova.plugins.diagnostic/Diagnostic_Microphone.h"; sourceTree = "<group>"; fileEncoding = 4; lastKnownFileType = sourcecode.c.h; explicitFileType = undefined; includeInIndex = 0; };
		402C41BF762A4655BE829082 /* Diagnostic_Contacts.h */ = {isa = PBXFileReference; name = "Diagnostic_Contacts.h"; path = "cordova.plugins.diagnostic/Diagnostic_Contacts.h"; sourceTree = "<group>"; fileEncoding = 4; lastKnownFileType = sourcecode.c.h; explicitFileType = undefined; includeInIndex = 0; };
		60DC1D19DE8647FFACDB37D7 /* Diagnostic_Calendar.h */ = {isa = PBXFileReference; name = "Diagnostic_Calendar.h"; path = "cordova.plugins.diagnostic/Diagnostic_Calendar.h"; sourceTree = "<group>"; fileEncoding = 4; lastKnownFileType = sourcecode.c.h; explicitFileType = undefined; includeInIndex = 0; };
		293C96D9424248AAB8F7BC8E /* Diagnostic_Reminders.h */ = {isa = PBXFileReference; name = "Diagnostic_Reminders.h"; path = "cordova.plugins.diagnostic/Diagnostic_Reminders.h"; sourceTree = "<group>"; fileEncoding = 4; lastKnownFileType = sourcecode.c.h; explicitFileType = undefined; includeInIndex = 0; };
		6C0113613B924B84BB75BF50 /* Diagnostic_Motion.h */ = {isa = PBXFileReference; name = "Diagnostic_Motion.h"; path = "cordova.plugins.diagnostic/Diagnostic_Motion.h"; sourceTree = "<group>"; fileEncoding = 4; lastKnownFileType = sourcecode.c.h; explicitFileType = undefined; includeInIndex = 0; };
		4D9B5B099124418897D38769 /* CoreBluetooth.framework */ = {isa = PBXFileReference; name = "CoreBluetooth.framework"; path = "System/Library/Frameworks/CoreBluetooth.framework"; sourceTree = SDKROOT; fileEncoding = undefined; lastKnownFileType = wrapper.framework; explicitFileType = undefined; includeInIndex = 0; };
		68936A5E383A431CADC0A75B /* Photos.framework */ = {isa = PBXFileReference; name = "Photos.framework"; path = "System/Library/Frameworks/Photos.framework"; sourceTree = SDKROOT; fileEncoding = undefined; lastKnownFileType = wrapper.framework; explicitFileType = undefined; includeInIndex = 0; };
		72FF4CE5E68D4B51B42A40C8 /* UserNotifications.framework */ = {isa = PBXFileReference; name = "UserNotifications.framework"; path = "System/Library/Frameworks/UserNotifications.framework"; sourceTree = SDKROOT; fileEncoding = undefined; lastKnownFileType = wrapper.framework; explicitFileType = undefined; includeInIndex = 0; };
		2265DFB5F521486784C0B0E2 /* Contacts.framework */ = {isa = PBXFileReference; name = "Contacts.framework"; path = "System/Library/Frameworks/Contacts.framework"; sourceTree = SDKROOT; fileEncoding = undefined; lastKnownFileType = wrapper.framework; explicitFileType = undefined; includeInIndex = 0; };
		A9CE65090A8C46E1BF0CE653 /* AddressBook.framework */ = {isa = PBXFileReference; name = "AddressBook.framework"; path = "System/Library/Frameworks/AddressBook.framework"; sourceTree = SDKROOT; fileEncoding = undefined; lastKnownFileType = wrapper.framework; explicitFileType = undefined; includeInIndex = 0; };
		DC1AECAFE6FE459B8AD70518 /* EventKit.framework */ = {isa = PBXFileReference; name = "EventKit.framework"; path = "System/Library/Frameworks/EventKit.framework"; sourceTree = SDKROOT; fileEncoding = undefined; lastKnownFileType = wrapper.framework; explicitFileType = undefined; includeInIndex = 0; };
		D393F69FD132444584553C26 /* CoreMotion.framework */ = {isa = PBXFileReference; name = "CoreMotion.framework"; path = "System/Library/Frameworks/CoreMotion.framework"; sourceTree = SDKROOT; fileEncoding = undefined; lastKnownFileType = wrapper.framework; explicitFileType = undefined; includeInIndex = 0; };
/* End PBXFileReference section */

/* Begin PBXFrameworksBuildPhase section */
		1D60588F0D05DD3D006BFB54 /* Frameworks */ = {
			isa = PBXFrameworksBuildPhase;
			buildActionMask = 2147483647;
			files = (
				301BF552109A68D80062928A /* libCordova.a in Frameworks */,
				CE450D10440D472D89B9A499 /* Security.framework in Frameworks */,
				9AF021710CAE48AF91295D41 /* SystemConfiguration.framework in Frameworks */,
				CCB58430F08E4AF8B258DFBB /* ImageIO.framework in Frameworks */,
				A167C1B64E1B4EC2943DF160 /* CoreLocation.framework in Frameworks */,
				DB6D7F3BA6724466921FBA80 /* AVFoundation.framework in Frameworks */,
				051E5DED11C54151B497C622 /* libz.tbd in Frameworks */,
				CC3EBC4C359E4812A8FBEB44 /* Bolts.framework in Frameworks */,
				CA84D9708291401086577984 /* FBSDKCoreKit.framework in Frameworks */,
				2F3D9E7709764917BA5CC9A3 /* FBSDKLoginKit.framework in Frameworks */,
				DE4F2F8D5B4A4FD3828E3DFD /* FBSDKShareKit.framework in Frameworks */,
				359FC48B74CE4AB99BA09859 /* WebKit.framework in Frameworks */,
				84015D96D976449A92624574 /* CoreBluetooth.framework in Frameworks */,
				3160393924964C2CB1FF7D7A /* Photos.framework in Frameworks */,
				E4E8B6BBDFDF4C2694735AA3 /* UserNotifications.framework in Frameworks */,
				3921BD9631E543EEADADEAC9 /* Contacts.framework in Frameworks */,
				CDF0F5C3FF8349678C4F6D4D /* AddressBook.framework in Frameworks */,
				1074FD3E07BB4B60B9333535 /* EventKit.framework in Frameworks */,
				195AAB03F4D34C9189893875 /* CoreMotion.framework in Frameworks */,
			);
			runOnlyForDeploymentPostprocessing = 0;
		};
/* End PBXFrameworksBuildPhase section */

/* Begin PBXGroup section */
		080E96DDFE201D6D7F000001 /* Classes */ = {
			isa = PBXGroup;
			children = (
				302D95EE14D2391D003F00A1 /* MainViewController.h */,
				302D95EF14D2391D003F00A1 /* MainViewController.m */,
				302D95F014D2391D003F00A1 /* MainViewController.xib */,
				1D3623240D0F684500981E51 /* AppDelegate.h */,
				1D3623250D0F684500981E51 /* AppDelegate.m */,
			);
			name = Classes;
			path = "Just One/Classes";
			sourceTree = SOURCE_ROOT;
		};
		19C28FACFE9D520D11CA2CBB /* Products */ = {
			isa = PBXGroup;
			children = (
				1D6058910D05DD3D006BFB54 /* Just One.app */,
			);
			name = Products;
			sourceTree = "<group>";
		};
		29B97314FDCFA39411CA2CEA /* CustomTemplate */ = {
			isa = PBXGroup;
			children = (
				EB87FDF41871DAF40020F90C /* config.xml */,
				EB87FDF31871DA8E0020F90C /* www */,
				EB87FDF11871DA420020F90C /* Staging */,
				301BF52D109A57CC0062928A /* CordovaLib.xcodeproj */,
				080E96DDFE201D6D7F000001 /* Classes */,
				307C750510C5A3420062BCA9 /* Plugins */,
				29B97315FDCFA39411CA2CEA /* Other Sources */,
				29B97317FDCFA39411CA2CEA /* Resources */,
				29B97323FDCFA39411CA2CEA /* Frameworks */,
				19C28FACFE9D520D11CA2CBB /* Products */,
			);
			name = CustomTemplate;
			sourceTree = "<group>";
		};
		29B97315FDCFA39411CA2CEA /* Other Sources */ = {
			isa = PBXGroup;
			children = (
				32CA4F630368D1EE00C91783 /* Just One-Prefix.pch */,
				29B97316FDCFA39411CA2CEA /* main.m */,
				ED33DF2A687741AEAF9F8254 /* Bridging-Header.h */,
			);
			name = "Other Sources";
			path = "Just One";
			sourceTree = "<group>";
		};
		29B97317FDCFA39411CA2CEA /* Resources */ = {
			isa = PBXGroup;
			children = (
				0207DA571B56EA530066E2B4 /* Images.xcassets */,
				3047A50E1AB8057F00498E2A /* config */,
				8D1107310486CEB800E47090 /* Just One-Info.plist */,
				6AFF5BF81D6E424B00AB3073 /* CDVLaunchScreen.storyboard */,
			);
			name = Resources;
			path = "Just One/Resources";
			sourceTree = "<group>";
		};
		29B97323FDCFA39411CA2CEA /* Frameworks */ = {
			isa = PBXGroup;
			children = (
				3DFF41683DD844B6B097B7E5 /* Security.framework */,
				D3AE6974EB34434AA77F0DAB /* SystemConfiguration.framework */,
				B9F4F58B6C2146F3B12D5DF8 /* ImageIO.framework */,
				86C6F66B0DD841EAAC02131F /* CoreLocation.framework */,
				B41AC18335114933A5DEA31B /* AVFoundation.framework */,
				D42E1C6F0A084ECB8FC22993 /* libz.tbd */,
				C847027B8AFF48B3B6A55443 /* Bolts.framework */,
				884EE0E507F143168CC78A7B /* FBSDKCoreKit.framework */,
				203EC2B70D6D469DA8536F14 /* FBSDKLoginKit.framework */,
				73B3F75A74374884917FD59F /* FBSDKShareKit.framework */,
				B973F89E59234F34812FAAB0 /* WebKit.framework */,
				4D9B5B099124418897D38769 /* CoreBluetooth.framework */,
				68936A5E383A431CADC0A75B /* Photos.framework */,
				72FF4CE5E68D4B51B42A40C8 /* UserNotifications.framework */,
				2265DFB5F521486784C0B0E2 /* Contacts.framework */,
				A9CE65090A8C46E1BF0CE653 /* AddressBook.framework */,
				DC1AECAFE6FE459B8AD70518 /* EventKit.framework */,
				D393F69FD132444584553C26 /* CoreMotion.framework */,
			);
			name = Frameworks;
			sourceTree = "<group>";
		};
		301BF52E109A57CC0062928A /* Products */ = {
			isa = PBXGroup;
			children = (
				301BF535109A57CC0062928A /* libCordova.a */,
			);
			name = Products;
			sourceTree = "<group>";
		};
		3047A50E1AB8057F00498E2A /* config */ = {
			isa = PBXGroup;
			children = (
				3047A50F1AB8059700498E2A /* build-debug.xcconfig */,
				3047A5101AB8059700498E2A /* build-release.xcconfig */,
				3047A5111AB8059700498E2A /* build.xcconfig */,
			);
			name = config;
			sourceTree = "<group>";
		};
		307C750510C5A3420062BCA9 /* Plugins */ = {
			isa = PBXGroup;
			children = (
				A7BFD780D1E34C30BF100F7E /* CDVClipboard.m */,
				9ABF0DC3E7C54481A0E61B60 /* CDVClipboard.h */,
				E1C64BB73FAE4015BDB97C7A /* CDVInstagramPlugin.m */,
				650C8D612DDF48E089276EC5 /* CDVInstagramPlugin.h */,
				57F892EE9FBB4ED5A4FEA3BE /* CDVFile.m */,
				84E4063A6D3E4FD69D5192CD /* CDVLocalFilesystem.m */,
				36B0972620EF4196851B280E /* CDVAssetLibraryFilesystem.m */,
				8A594E45EFB24FAD8658BE2F /* CDVFile.h */,
				B243AA1B6C41490BA746D12D /* CDVLocalFilesystem.h */,
				54BF08544F5B4A48A6F7DD3C /* CDVAssetLibraryFilesystem.h */,
				470B243BDB7D4D9E861D7C27 /* CordovaHttpPlugin.m */,
				D06876B3DE4A40C9BA867489 /* TextResponseSerializer.m */,
				C61161C4C8754802944D77CA /* TextRequestSerializer.m */,
				D116D82911DD427D9EF37570 /* AFHTTPSessionManager.m */,
				7FAD2D9DA1F6458BA33B8A5B /* AFNetworkReachabilityManager.m */,
				D4CE03F6E34243AC967AFB8B /* AFSecurityPolicy.m */,
				2AF79B255873459F96158E4A /* AFURLRequestSerialization.m */,
				1B0C1A194D0E4D49940EED3A /* AFURLResponseSerialization.m */,
				C2A3883A4144423C9A3E255F /* AFURLSessionManager.m */,
				B2B2E31456AB4FEC8DC53396 /* CordovaHttpPlugin.h */,
				A7173474538A4E17B473898A /* TextResponseSerializer.h */,
				6D0DB33B0FF74C85A311E800 /* TextRequestSerializer.h */,
				83E55FDACEA345EEBE56C50C /* AFHTTPSessionManager.h */,
				8F2B493220D24DF9A5AD32CF /* AFNetworking.h */,
				4CF79164FAB040208DFB4E11 /* AFNetworkReachabilityManager.h */,
				1AEA9488DCA24FD5BE404E4D /* AFSecurityPolicy.h */,
				32DDF6CDC8A64221A8D938E7 /* AFURLRequestSerialization.h */,
				5604D60792D14D59809FE0DA /* AFURLResponseSerialization.h */,
				9A1ED5671E7E4236B00FF4AB /* AFURLSessionManager.h */,
				BDFF1A77E9D34AD0B0B64A98 /* UIImage+CropScaleOrientation.m */,
				057BC1F677CE47C7ABAE1928 /* CDVCamera.m */,
				2F3C05FDE9EE4B2F8CD7B42B /* CDVJpegHeaderWriter.m */,
				0EB4C9869D4541BABDD2B5CE /* UIImage+CropScaleOrientation.h */,
				A5777F9672D24A59B546F7E4 /* CDVCamera.h */,
				6645A6C152E2435F84188D67 /* CDVJpegHeaderWriter.h */,
				48E57ED6DD9049DE9650549C /* CDVExif.h */,
				13D7B5106B294D5AAE64CBD4 /* CDVDevice.m */,
				AE38B41C828A430F9F12B4E5 /* CDVDevice.h */,
				BAC6D8DD8EA046BE9779E317 /* FacebookConnectPlugin.m */,
				A170A9F5C43649EFB3DFE71B /* FacebookConnectPlugin.h */,
				49ED2D5B404846C4917D8CA3 /* CDVFileTransfer.m */,
				38F67B10AB5F48B2B49BEBC3 /* CDVFileTransfer.h */,
				1CD2F022534347BF8FA41FAE /* CDVInAppBrowser.m */,
				AD0437B103CF4F55AB1A26E4 /* CDVInAppBrowser.h */,
				0D9BF64F58B1423198BB0DF4 /* CDVIonicKeyboard.m */,
				A9E5E6E2DC5C401D99B12CCC /* CDVIonicKeyboard.h */,
				BB1E8D15A60844A0B054D41C /* CDVWKWebViewEngine.m */,
				E6A840B8C0AA44BEBA160F9E /* CDVWKWebViewUIDelegate.m */,
				5B6FC73D39774A4A8C59BC4A /* CDVWKProcessPoolFactory.m */,
				EF163372E39342FDA6CD7E5C /* GCDWebServer.m */,
				66203338D7B6473FBD65B468 /* GCDWebServerConnection.m */,
				516E94CDC148403A87FBED4D /* GCDWebServerFunctions.m */,
				43CDD93AF446445DB713A3B5 /* GCDWebServerRequest.m */,
				A9EABADF0FF245ED836D30EB /* GCDWebServerResponse.m */,
				3D0DF9E13D234570919CB332 /* GCDWebServerDataRequest.m */,
				B6E141696D9745E486292124 /* GCDWebServerFileRequest.m */,
				5706FBCD346B4AB6B1F92188 /* GCDWebServerMultiPartFormRequest.m */,
				ADEE349C16F24028BB5F4391 /* GCDWebServerURLEncodedFormRequest.m */,
				2CCDFEF0A9484F7AA7D3463D /* GCDWebServerDataResponse.m */,
				3FAEC815392C44E187FA9678 /* GCDWebServerErrorResponse.m */,
				1A0B70CE1C1A4780A446A93A /* GCDWebServerFileResponse.m */,
				0E84A25A40D44803841B51D1 /* GCDWebServerStreamedResponse.m */,
				8E339D5893FD4827AAF296D7 /* CDVWKWebViewEngine.h */,
				465B2261165F4418B04EE3F4 /* CDVWKWebViewUIDelegate.h */,
				647BDFD3D8534C8BA5C05D58 /* CDVWKProcessPoolFactory.h */,
				9C6DB445F6524C54A0CE67C7 /* GCDWebServer.h */,
				FB8BA2BF7F20495B89F70E2F /* GCDWebServerConnection.h */,
				B675F4711B514806851E2F0B /* GCDWebServerFunctions.h */,
				B0F16E28F5A94DFFA6C4E520 /* GCDWebServerHTTPStatusCodes.h */,
				8F48471D18F64A7283C2B6E0 /* GCDWebServerPrivate.h */,
				DF313430D7744035A2630E89 /* GCDWebServerRequest.h */,
				B6CB566E21AC460E90CECB48 /* GCDWebServerResponse.h */,
				0AB968D547C04BF1A2D1C285 /* GCDWebServerDataRequest.h */,
				B32842E4D846403D8169F6FD /* GCDWebServerFileRequest.h */,
				CB324615D8E647E594313C20 /* GCDWebServerMultiPartFormRequest.h */,
				2F68C85E29AF4EEDAD292E2A /* GCDWebServerURLEncodedFormRequest.h */,
				D404F1FDBE45444880446A57 /* GCDWebServerDataResponse.h */,
				C7B109E388454A9EBB7FF9DD /* GCDWebServerErrorResponse.h */,
				A36CB07B5EFC49198795909B /* GCDWebServerFileResponse.h */,
				905C7261956D4DB182DFBF48 /* GCDWebServerStreamedResponse.h */,
				0D541F95F47E4EE6A7E74D5B /* CDVSplashScreen.m */,
				2CC4B97994364CC69B9DB2C7 /* CDVViewController+SplashScreen.m */,
				A6BEFE71B47C49DB9F492B68 /* CDVSplashScreen.h */,
				3417B0E8B01D490BA6610D0D /* CDVViewController+SplashScreen.h */,
				0E73E310E0934529885427D5 /* SQLitePlugin.m */,
				60430DE9E09C412F8447426A /* PSPDFThreadSafeMutableDictionary.m */,
				3FDF8412F4604CA78FD0A9CF /* sqlite3.c */,
				7FDC90B6A0AB47F4B08CEE1B /* SQLitePlugin.h */,
				4C32EF84891B4273AEA8032E /* PSPDFThreadSafeMutableDictionary.h */,
				EA70D5E3A8E943B0BCE23E07 /* sqlite3.h */,
				94A630A759E0483F918106CC /* Diagnostic.m */,
				3BEE9831210E4485B9CFA28A /* Diagnostic_Location.m */,
				87B0BA8FCED14D60A520048E /* Diagnostic_Bluetooth.m */,
				D155B26F09194910B44B6662 /* Diagnostic_Wifi.m */,
				E3AE6C440B9F478A8B0D313B /* Diagnostic_Camera.m */,
				440DFA1691F4436682A50811 /* Diagnostic_Notifications.m */,
				4776AE7C8028473BA6651468 /* Diagnostic_Microphone.m */,
				8B6AA78EDEDC4F10A652184D /* Diagnostic_Contacts.m */,
				F429F1C9215546FCB251AA77 /* Diagnostic_Calendar.m */,
				32A63BF2A62D4F87BDDBA5E9 /* Diagnostic_Reminders.m */,
				1960818DEC924033B6DF9B65 /* Diagnostic_Motion.m */,
				3A375FBA5DC4471B8F81B494 /* Diagnostic.h */,
				82E67DF662EE4F92A7D0F91E /* Diagnostic_Location.h */,
				4660CF546DCE4C5CB25D821C /* Diagnostic_Bluetooth.h */,
				BA32A3113DDF40EE853994BF /* Diagnostic_Wifi.h */,
				2F50B40193AF4ADFB4D7E18C /* Diagnostic_Camera.h */,
				F7B58A07C9ED4D2481A330B4 /* Diagnostic_Notifications.h */,
				0FDB4C8D960F42998ECE2AF3 /* Diagnostic_Microphone.h */,
				402C41BF762A4655BE829082 /* Diagnostic_Contacts.h */,
				60DC1D19DE8647FFACDB37D7 /* Diagnostic_Calendar.h */,
				293C96D9424248AAB8F7BC8E /* Diagnostic_Reminders.h */,
				6C0113613B924B84BB75BF50 /* Diagnostic_Motion.h */,
			);
			name = Plugins;
			path = "Just One/Plugins";
			sourceTree = SOURCE_ROOT;
		};
		EB87FDF11871DA420020F90C /* Staging */ = {
			isa = PBXGroup;
			children = (
				F840E1F0165FE0F500CFE078 /* config.xml */,
				301BF56E109A69640062928A /* www */,
			);
			name = Staging;
			sourceTree = "<group>";
		};
/* End PBXGroup section */

/* Begin PBXNativeTarget section */
		1D6058900D05DD3D006BFB54 /* Just One */ = {
			isa = PBXNativeTarget;
			buildConfigurationList = 1D6058960D05DD3E006BFB54 /* Build configuration list for PBXNativeTarget "Just One" */;
			buildPhases = (
				304B58A110DAC018002A0835 /* Copy www directory */,
				1D60588D0D05DD3D006BFB54 /* Resources */,
				1D60588E0D05DD3D006BFB54 /* Sources */,
				1D60588F0D05DD3D006BFB54 /* Frameworks */,
			);
			buildRules = (
			);
			dependencies = (
				301BF551109A68C00062928A /* PBXTargetDependency */,
			);
			name = "Just One";
			productName = "Just One";
			productReference = 1D6058910D05DD3D006BFB54 /* Just One.app */;
			productType = "com.apple.product-type.application";
		};
/* End PBXNativeTarget section */

/* Begin PBXProject section */
		29B97313FDCFA39411CA2CEA /* Project object */ = {
			isa = PBXProject;
			attributes = {
				LastUpgradeCheck = 510;
			};
			buildConfigurationList = C01FCF4E08A954540054247B /* Build configuration list for PBXProject "__NON-CLI__" */;
			compatibilityVersion = "Xcode 3.2";
			developmentRegion = English;
			hasScannedForEncodings = 1;
			mainGroup = 29B97314FDCFA39411CA2CEA /* CustomTemplate */;
			projectDirPath = "";
			projectReferences = (
				{
					ProductGroup = 301BF52E109A57CC0062928A /* Products */;
					ProjectRef = 301BF52D109A57CC0062928A /* CordovaLib.xcodeproj */;
				},
			);
			projectRoot = "";
			targets = (
				1D6058900D05DD3D006BFB54 /* Just One */,
			);
		};
/* End PBXProject section */

/* Begin PBXReferenceProxy section */
		301BF535109A57CC0062928A /* libCordova.a */ = {
			isa = PBXReferenceProxy;
			fileType = archive.ar;
			path = libCordova.a;
			remoteRef = 301BF534109A57CC0062928A /* PBXContainerItemProxy */;
			sourceTree = BUILT_PRODUCTS_DIR;
		};
/* End PBXReferenceProxy section */

/* Begin PBXResourcesBuildPhase section */
		1D60588D0D05DD3D006BFB54 /* Resources */ = {
			isa = PBXResourcesBuildPhase;
			buildActionMask = 2147483647;
			files = (
				302D95F214D2391D003F00A1 /* MainViewController.xib in Resources */,
				0207DA581B56EA530066E2B4 /* Images.xcassets in Resources */,
				6AFF5BF91D6E424B00AB3073 /* CDVLaunchScreen.storyboard in Resources */,
			);
			runOnlyForDeploymentPostprocessing = 0;
		};
/* End PBXResourcesBuildPhase section */

/* Begin PBXShellScriptBuildPhase section */
		304B58A110DAC018002A0835 /* Copy www directory */ = {
			isa = PBXShellScriptBuildPhase;
			buildActionMask = 2147483647;
			files = (
			);
			inputPaths = (
			);
			name = "Copy www directory";
			outputPaths = (
			);
			runOnlyForDeploymentPostprocessing = 0;
			shellPath = /bin/sh;
			shellScript = "NODEJS_PATH=/usr/local/bin; NVM_NODE_PATH=~/.nvm/versions/node/`nvm version 2>/dev/null`/bin; N_NODE_PATH=`find /usr/local/n/versions/node/* -maxdepth 0 -type d 2>/dev/null | tail -1`/bin; XCODE_NODE_PATH=`xcode-select --print-path`/usr/share/xcs/Node/bin; PATH=$NODEJS_PATH:$NVM_NODE_PATH:$N_NODE_PATH:$XCODE_NODE_PATH:$PATH && node cordova/lib/copy-www-build-step.js";
			showEnvVarsInLog = 0;
		};
/* End PBXShellScriptBuildPhase section */

/* Begin PBXSourcesBuildPhase section */
		1D60588E0D05DD3D006BFB54 /* Sources */ = {
			isa = PBXSourcesBuildPhase;
			buildActionMask = 2147483647;
			files = (
				1D60589B0D05DD56006BFB54 /* main.m in Sources */,
				1D3623260D0F684500981E51 /* AppDelegate.m in Sources */,
				302D95F114D2391D003F00A1 /* MainViewController.m in Sources */,
				43A6128D342D4545AD04ACE7 /* CDVClipboard.m in Sources */,
				7B9BE386842D4A1D879911B3 /* CDVInstagramPlugin.m in Sources */,
				C10A78FAE5EC48B999672613 /* CDVFile.m in Sources */,
				6C485D27B45E41F88083B701 /* CDVLocalFilesystem.m in Sources */,
				9B12546436B4472FB9F88B3D /* CDVAssetLibraryFilesystem.m in Sources */,
				0654FA4F8D4C47B3B8E661B2 /* CordovaHttpPlugin.m in Sources */,
				1A8DC3B50C9F4B24A0BD04CE /* TextResponseSerializer.m in Sources */,
				A9FC09D963FB45F387EFDF93 /* TextRequestSerializer.m in Sources */,
				67C1FEA4883F4E418D92D7FC /* AFHTTPSessionManager.m in Sources */,
				38B0178879914F308B72088F /* AFNetworkReachabilityManager.m in Sources */,
				41BEEE37256B47C795D3DF92 /* AFSecurityPolicy.m in Sources */,
				F73FBF49CA7F4B57B221DA22 /* AFURLRequestSerialization.m in Sources */,
				940BDD4E503C488493DB75CB /* AFURLResponseSerialization.m in Sources */,
				2A76770270EB44F9916F4C86 /* AFURLSessionManager.m in Sources */,
				7C7A4BF35C6F4B9DB94124F0 /* UIImage+CropScaleOrientation.m in Sources */,
				628E8516D8BE465EB4E0A522 /* CDVCamera.m in Sources */,
				D8C5291DE10C4A6481600625 /* CDVJpegHeaderWriter.m in Sources */,
				0A089E6F844947C987161543 /* CDVDevice.m in Sources */,
				533BBC49156E4739BA334D3E /* FacebookConnectPlugin.m in Sources */,
				B8005A41779B438BBB6F6FCE /* CDVFileTransfer.m in Sources */,
				A6BFF6381AD643609C432C14 /* CDVInAppBrowser.m in Sources */,
				D82BA199DA174BD691C6FDB1 /* CDVIonicKeyboard.m in Sources */,
				13A528B2F9834DCE8C75CB86 /* CDVWKWebViewEngine.m in Sources */,
				F333CA89FE574A1EBAE2A8FF /* CDVWKWebViewUIDelegate.m in Sources */,
				BEA32D4D306B424B87ED286A /* CDVWKProcessPoolFactory.m in Sources */,
				C9923EEB678940D682FDD626 /* GCDWebServer.m in Sources */,
				07FC3F78C4B4422D8E8F2F2E /* GCDWebServerConnection.m in Sources */,
				81B849E606864EC8990CA67F /* GCDWebServerFunctions.m in Sources */,
				4FB071988D4943039E1BC6CF /* GCDWebServerRequest.m in Sources */,
				9175860F595E44DC9C6B2D45 /* GCDWebServerResponse.m in Sources */,
				13B6AF83C5F14B18842A42DF /* GCDWebServerDataRequest.m in Sources */,
				98AE39EA16374480BECFA871 /* GCDWebServerFileRequest.m in Sources */,
				265A085656134D4C8E8B9318 /* GCDWebServerMultiPartFormRequest.m in Sources */,
				B039504A0AF14E019F8A28B2 /* GCDWebServerURLEncodedFormRequest.m in Sources */,
				70E9CFC74A4344089FE39ABD /* GCDWebServerDataResponse.m in Sources */,
				589FBD8409554BA8BAC076A4 /* GCDWebServerErrorResponse.m in Sources */,
				BC02D7D065714C649A3ECCB8 /* GCDWebServerFileResponse.m in Sources */,
				4791083CAB264C9F95A6E1D3 /* GCDWebServerStreamedResponse.m in Sources */,
				5E273B42D8C74DE9A0FBE7D0 /* CDVSplashScreen.m in Sources */,
				8BCE5546F4134F55ADD91C5E /* CDVViewController+SplashScreen.m in Sources */,
				E558ECC941E940BDB04D9CC5 /* SQLitePlugin.m in Sources */,
				6201660AE2E44FE28A1D1FF9 /* PSPDFThreadSafeMutableDictionary.m in Sources */,
				CD9D57C3BF95496DB24F5FDB /* sqlite3.c in Resources */,
				C0A47C12B81E419D925C093C /* Diagnostic.m in Sources */,
				F7FBEAD62EC244D9BB5EE2B1 /* Diagnostic_Location.m in Sources */,
				68969B5D5274403D9451E2BD /* Diagnostic_Bluetooth.m in Sources */,
				5BB98F8E89134B75B312D431 /* Diagnostic_Wifi.m in Sources */,
				89D2AA6DF92C4FF0B2F8C7C1 /* Diagnostic_Camera.m in Sources */,
				E1D99AF35FAB45A2B141BEA0 /* Diagnostic_Notifications.m in Sources */,
				CA936E3EB7DA41498BC75AA5 /* Diagnostic_Microphone.m in Sources */,
				2CFF891830B049958B273D85 /* Diagnostic_Contacts.m in Sources */,
				8B3B679162A2463199606378 /* Diagnostic_Calendar.m in Sources */,
				70E7CFE815CD460890886D78 /* Diagnostic_Reminders.m in Sources */,
				DA1D5635E27C49E4B7973912 /* Diagnostic_Motion.m in Sources */,
			);
			runOnlyForDeploymentPostprocessing = 0;
		};
/* End PBXSourcesBuildPhase section */

/* Begin PBXTargetDependency section */
		301BF551109A68C00062928A /* PBXTargetDependency */ = {
			isa = PBXTargetDependency;
			name = CordovaLib;
			targetProxy = 301BF550109A68C00062928A /* PBXContainerItemProxy */;
		};
/* End PBXTargetDependency section */

/* Begin XCBuildConfiguration section */
		1D6058940D05DD3E006BFB54 /* Debug */ = {
			isa = XCBuildConfiguration;
			baseConfigurationReference = 3047A50F1AB8059700498E2A /* build-debug.xcconfig */;
			buildSettings = {
				ALWAYS_SEARCH_USER_PATHS = NO;
				ASSETCATALOG_COMPILER_APPICON_NAME = AppIcon;
				ASSETCATALOG_COMPILER_LAUNCHIMAGE_NAME = LaunchImage;
				CLANG_ENABLE_MODULES = YES;
				CLANG_ENABLE_OBJC_ARC = YES;
				COPY_PHASE_STRIP = NO;
				GCC_DYNAMIC_NO_PIC = NO;
				GCC_OPTIMIZATION_LEVEL = 0;
				GCC_PRECOMPILE_PREFIX_HEADER = YES;
				GCC_PREFIX_HEADER = "Just One/Just One-Prefix.pch";
				GCC_THUMB_SUPPORT = NO;
				GCC_VERSION = "";
				INFOPLIST_FILE = "Just One/Just One-Info.plist";
				IPHONEOS_DEPLOYMENT_TARGET = 9.0;
				LD_RUNPATH_SEARCH_PATHS = "@executable_path/Frameworks";
				TARGETED_DEVICE_FAMILY = "1,2";
				PRODUCT_NAME = "Just One";
				FRAMEWORK_SEARCH_PATHS = (
					"$(inherited)",
					"\"Just One/Plugins/cordova-plugin-facebook4\"",
					"\"Just One/Plugins/cordova-plugin-facebook4\"",
					"\"Just One/Plugins/cordova-plugin-facebook4\"",
					"\"Just One/Plugins/cordova-plugin-facebook4\"",
				);
			};
			name = Debug;
		};
		1D6058950D05DD3E006BFB54 /* Release */ = {
			isa = XCBuildConfiguration;
			baseConfigurationReference = 3047A5101AB8059700498E2A /* build-release.xcconfig */;
			buildSettings = {
				ALWAYS_SEARCH_USER_PATHS = NO;
				ASSETCATALOG_COMPILER_APPICON_NAME = AppIcon;
				ASSETCATALOG_COMPILER_LAUNCHIMAGE_NAME = LaunchImage;
				CLANG_ENABLE_MODULES = YES;
				CLANG_ENABLE_OBJC_ARC = YES;
				COPY_PHASE_STRIP = YES;
				GCC_PRECOMPILE_PREFIX_HEADER = YES;
				GCC_PREFIX_HEADER = "Just One/Just One-Prefix.pch";
				GCC_THUMB_SUPPORT = NO;
				GCC_VERSION = "";
				INFOPLIST_FILE = "Just One/Just One-Info.plist";
				IPHONEOS_DEPLOYMENT_TARGET = 9.0;
				LD_RUNPATH_SEARCH_PATHS = "@executable_path/Frameworks";
				TARGETED_DEVICE_FAMILY = "1,2";
				PRODUCT_NAME = "Just One";
				FRAMEWORK_SEARCH_PATHS = (
					"$(inherited)",
					"\"Just One/Plugins/cordova-plugin-facebook4\"",
					"\"Just One/Plugins/cordova-plugin-facebook4\"",
					"\"Just One/Plugins/cordova-plugin-facebook4\"",
					"\"Just One/Plugins/cordova-plugin-facebook4\"",
				);
			};
			name = Release;
		};
		C01FCF4F08A954540054247B /* Debug */ = {
			isa = XCBuildConfiguration;
			baseConfigurationReference = 3047A5111AB8059700498E2A /* build.xcconfig */;
			buildSettings = {
				CLANG_ENABLE_MODULES = YES;
				CLANG_ENABLE_OBJC_ARC = YES;
				CLANG_WARN_BOOL_CONVERSION = YES;
				CLANG_WARN_CONSTANT_CONVERSION = YES;
				CLANG_WARN_EMPTY_BODY = YES;
				CLANG_WARN_ENUM_CONVERSION = YES;
				CLANG_WARN_INT_CONVERSION = YES;
				CLANG_WARN__DUPLICATE_METHOD_MATCH = YES;
				GCC_C_LANGUAGE_STANDARD = c99;
				GCC_THUMB_SUPPORT = NO;
				GCC_VERSION = "";
				GCC_WARN_ABOUT_RETURN_TYPE = YES;
				GCC_WARN_UNDECLARED_SELECTOR = YES;
				GCC_WARN_UNINITIALIZED_AUTOS = YES;
				GCC_WARN_UNUSED_FUNCTION = YES;
				GCC_WARN_UNUSED_VARIABLE = YES;
				ONLY_ACTIVE_ARCH = YES;
				SDKROOT = iphoneos;
				SKIP_INSTALL = NO;
			};
			name = Debug;
		};
		C01FCF5008A954540054247B /* Release */ = {
			isa = XCBuildConfiguration;
			baseConfigurationReference = 3047A5111AB8059700498E2A /* build.xcconfig */;
			buildSettings = {
				CLANG_ENABLE_MODULES = YES;
				CLANG_ENABLE_OBJC_ARC = YES;
				CLANG_WARN_BOOL_CONVERSION = YES;
				CLANG_WARN_CONSTANT_CONVERSION = YES;
				CLANG_WARN_EMPTY_BODY = YES;
				CLANG_WARN_ENUM_CONVERSION = YES;
				CLANG_WARN_INT_CONVERSION = YES;
				CLANG_WARN__DUPLICATE_METHOD_MATCH = YES;
				GCC_C_LANGUAGE_STANDARD = c99;
				GCC_THUMB_SUPPORT = NO;
				GCC_VERSION = "";
				GCC_WARN_ABOUT_RETURN_TYPE = YES;
				GCC_WARN_UNDECLARED_SELECTOR = YES;
				GCC_WARN_UNINITIALIZED_AUTOS = YES;
				GCC_WARN_UNUSED_FUNCTION = YES;
				GCC_WARN_UNUSED_VARIABLE = YES;
				SDKROOT = iphoneos;
				SKIP_INSTALL = NO;
			};
			name = Release;
		};
/* End XCBuildConfiguration section */

/* Begin XCConfigurationList section */
		1D6058960D05DD3E006BFB54 /* Build configuration list for PBXNativeTarget "Just One" */ = {
			isa = XCConfigurationList;
			buildConfigurations = (
				1D6058940D05DD3E006BFB54 /* Debug */,
				1D6058950D05DD3E006BFB54 /* Release */,
			);
			defaultConfigurationIsVisible = 0;
			defaultConfigurationName = Release;
		};
		C01FCF4E08A954540054247B /* Build configuration list for PBXProject "__NON-CLI__" */ = {
			isa = XCConfigurationList;
			buildConfigurations = (
				C01FCF4F08A954540054247B /* Debug */,
				C01FCF5008A954540054247B /* Release */,
			);
			defaultConfigurationIsVisible = 0;
			defaultConfigurationName = Release;
		};
/* End XCConfigurationList section */
	};
	rootObject = 29B97313FDCFA39411CA2CEA /* Project object */;
}
